
Microsoft Visual Studio Solution File, Format Version 12.00
# Visual Studio Version 17
VisualStudioVersion = 17.2.32630.192
MinimumVisualStudioVersion = 10.0.40219.1
Project("{FAE04EC0-301F-11D3-BF4B-00C04F79EFBC}") = "Auth.API", "Auth.API\Auth.API.csproj", "{87939A80-85EE-4FB2-BCDC-AF54EDD940DB}"
EndProject
Global
	GlobalSection(SolutionConfigurationPlatforms) = preSolution
		Debug|Any CPU = Debug|Any CPU
		Release|Any CPU = Release|Any CPU
	EndGlobalSection
	GlobalSection(ProjectConfigurationPlatforms) = postSolution
		{87939A80-85EE-4FB2-BCDC-AF54EDD940DB}.Debug|Any CPU.ActiveCfg = Debug|Any CPU
		{87939A80-85EE-4FB2-BCDC-AF54EDD940DB}.Debug|Any CPU.Build.0 = Debug|Any CPU
		{87939A80-85EE-4FB2-BCDC-AF54EDD940DB}.Release|Any CPU.ActiveCfg = Release|Any CPU
		{87939A80-85EE-4FB2-BCDC-AF54EDD940DB}.Release|Any CPU.Build.0 = Release|Any CPU
	EndGlobalSection
	GlobalSection(SolutionProperties) = preSolution
		HideSolutionNode = FALSE
	EndGlobalSection
	GlobalSection(ExtensibilityGlobals) = postSolution
		SolutionGuid = {415CA904-2DD1-44FB-A497-32BF5FBA0CFF}
	EndGlobalSection
EndGlobal
