
Microsoft Visual Studio Solution File, Format Version 12.00
# Visual Studio Version 17
VisualStudioVersion = 17.0.31903.59
MinimumVisualStudioVersion = 10.0.40219.1
Project("{2150E333-8FDC-42A3-9474-1A3956D46DE8}") = "Transfer.API", "Transfer.API", "{2A5406D2-F385-4D28-9EF9-EE6741ED0BCB}"
EndProject
Project("{9A19103F-16F7-4668-BE54-9A1E7A4F7556}") = "API", "Transfer.API\API\API.csproj", "{015D884A-DFDD-40B8-A162-A7C5E0C2BF8F}"
EndProject
Project("{9A19103F-16F7-4668-BE54-9A1E7A4F7556}") = "API.UnitTests", "Transfer.API\API.UnitTests\API.UnitTests.csproj", "{E1A3F18E-C6D8-4D30-9E16-A46E64FFF3FD}"
EndProject
Project("{9A19103F-16F7-4668-BE54-9A1E7A4F7556}") = "API.IntegrationTests", "Transfer.API\API.IntegrationTests\API.IntegrationTests.csproj", "{129C95A5-1F9C-4D91-9593-9E097A719083}"
EndProject
Project("{9A19103F-16F7-4668-BE54-9A1E7A4F7556}") = "ProjectOriginClients", "Shared\ProjectOriginClients\ProjectOriginClients.csproj", "{D2EEBA6E-9D81-4CDC-A806-6FE208AD906D}"
EndProject
Project("{2150E333-8FDC-42A3-9474-1A3956D46DE8}") = "TransferAgreementAutomation", "TransferAgreementAutomation", "{DFD9CF49-6921-4BAE-BDC0-C77537C842AB}"
EndProject
Project("{9A19103F-16F7-4668-BE54-9A1E7A4F7556}") = "Worker.UnitTests", "TransferAgreementAutomation\Worker.UnitTests\Worker.UnitTests.csproj", "{A96B4FA0-C018-41F0-8EC9-7E6A0E397FA1}"
EndProject
Project("{9A19103F-16F7-4668-BE54-9A1E7A4F7556}") = "Worker", "TransferAgreementAutomation\Worker\Worker.csproj", "{B1E21F07-75F9-4333-8800-9ED52EAE4163}"
EndProject
Project("{9A19103F-16F7-4668-BE54-9A1E7A4F7556}") = "Worker.IntegrationTests", "TransferAgreementAutomation\Worker.IntegrationTests\Worker.IntegrationTests.csproj", "{B4B84535-A114-4D5E-934B-BE66450A59DC}"
EndProject
Project("{2150E333-8FDC-42A3-9474-1A3956D46DE8}") = "ClaimAutomation", "ClaimAutomation", "{EC080CA8-86BE-4D75-B986-384DA87B4342}"
EndProject
Project("{9A19103F-16F7-4668-BE54-9A1E7A4F7556}") = "Worker", "ClaimAutomation\Worker\Worker.csproj", "{6494FB7D-C2CF-44F3-9066-7324AFA8CBD2}"
EndProject
Project("{9A19103F-16F7-4668-BE54-9A1E7A4F7556}") = "Worker.UnitTests", "ClaimAutomation\Worker.UnitTests\Worker.UnitTests.csproj", "{0B2EB2DF-19E2-43CE-B13E-A9DDE286309A}"
EndProject
Project("{9A19103F-16F7-4668-BE54-9A1E7A4F7556}") = "DataContext", "Shared\DataContext\DataContext.csproj", "{EE0D601E-22DA-4F17-B912-C5E0E0EDA078}"
EndProject
Project("{9A19103F-16F7-4668-BE54-9A1E7A4F7556}") = "Testing", "Testing\Testing.csproj", "{C1AB7C2C-C451-4EA4-9D3E-4C894B992836}"
EndProject
Project("{FAE04EC0-301F-11D3-BF4B-00C04F79EFBC}") = "ProjectOriginClients.Tests", "Shared\ProjectOriginClients.Tests\ProjectOriginClients.Tests.csproj", "{2825F796-E2BF-4FD9-850F-208ABA33E2D2}"
EndProject
Global
	GlobalSection(SolutionConfigurationPlatforms) = preSolution
		Debug|Any CPU = Debug|Any CPU
		Release|Any CPU = Release|Any CPU
	EndGlobalSection
	GlobalSection(ProjectConfigurationPlatforms) = postSolution
		{015D884A-DFDD-40B8-A162-A7C5E0C2BF8F}.Debug|Any CPU.ActiveCfg = Debug|Any CPU
		{015D884A-DFDD-40B8-A162-A7C5E0C2BF8F}.Debug|Any CPU.Build.0 = Debug|Any CPU
		{015D884A-DFDD-40B8-A162-A7C5E0C2BF8F}.Release|Any CPU.ActiveCfg = Release|Any CPU
		{015D884A-DFDD-40B8-A162-A7C5E0C2BF8F}.Release|Any CPU.Build.0 = Release|Any CPU
		{E1A3F18E-C6D8-4D30-9E16-A46E64FFF3FD}.Debug|Any CPU.ActiveCfg = Debug|Any CPU
		{E1A3F18E-C6D8-4D30-9E16-A46E64FFF3FD}.Debug|Any CPU.Build.0 = Debug|Any CPU
		{E1A3F18E-C6D8-4D30-9E16-A46E64FFF3FD}.Release|Any CPU.ActiveCfg = Release|Any CPU
		{E1A3F18E-C6D8-4D30-9E16-A46E64FFF3FD}.Release|Any CPU.Build.0 = Release|Any CPU
		{129C95A5-1F9C-4D91-9593-9E097A719083}.Debug|Any CPU.ActiveCfg = Debug|Any CPU
		{129C95A5-1F9C-4D91-9593-9E097A719083}.Debug|Any CPU.Build.0 = Debug|Any CPU
		{129C95A5-1F9C-4D91-9593-9E097A719083}.Release|Any CPU.ActiveCfg = Release|Any CPU
		{129C95A5-1F9C-4D91-9593-9E097A719083}.Release|Any CPU.Build.0 = Release|Any CPU
		{D2EEBA6E-9D81-4CDC-A806-6FE208AD906D}.Debug|Any CPU.ActiveCfg = Debug|Any CPU
		{D2EEBA6E-9D81-4CDC-A806-6FE208AD906D}.Debug|Any CPU.Build.0 = Debug|Any CPU
		{D2EEBA6E-9D81-4CDC-A806-6FE208AD906D}.Release|Any CPU.ActiveCfg = Release|Any CPU
		{D2EEBA6E-9D81-4CDC-A806-6FE208AD906D}.Release|Any CPU.Build.0 = Release|Any CPU
		{A96B4FA0-C018-41F0-8EC9-7E6A0E397FA1}.Debug|Any CPU.ActiveCfg = Debug|Any CPU
		{A96B4FA0-C018-41F0-8EC9-7E6A0E397FA1}.Debug|Any CPU.Build.0 = Debug|Any CPU
		{A96B4FA0-C018-41F0-8EC9-7E6A0E397FA1}.Release|Any CPU.ActiveCfg = Release|Any CPU
		{A96B4FA0-C018-41F0-8EC9-7E6A0E397FA1}.Release|Any CPU.Build.0 = Release|Any CPU
		{B1E21F07-75F9-4333-8800-9ED52EAE4163}.Debug|Any CPU.ActiveCfg = Debug|Any CPU
		{B1E21F07-75F9-4333-8800-9ED52EAE4163}.Debug|Any CPU.Build.0 = Debug|Any CPU
		{B1E21F07-75F9-4333-8800-9ED52EAE4163}.Release|Any CPU.ActiveCfg = Release|Any CPU
		{B1E21F07-75F9-4333-8800-9ED52EAE4163}.Release|Any CPU.Build.0 = Release|Any CPU
		{B4B84535-A114-4D5E-934B-BE66450A59DC}.Debug|Any CPU.ActiveCfg = Debug|Any CPU
		{B4B84535-A114-4D5E-934B-BE66450A59DC}.Debug|Any CPU.Build.0 = Debug|Any CPU
		{B4B84535-A114-4D5E-934B-BE66450A59DC}.Release|Any CPU.ActiveCfg = Release|Any CPU
		{B4B84535-A114-4D5E-934B-BE66450A59DC}.Release|Any CPU.Build.0 = Release|Any CPU
		{6494FB7D-C2CF-44F3-9066-7324AFA8CBD2}.Debug|Any CPU.ActiveCfg = Debug|Any CPU
		{6494FB7D-C2CF-44F3-9066-7324AFA8CBD2}.Debug|Any CPU.Build.0 = Debug|Any CPU
		{6494FB7D-C2CF-44F3-9066-7324AFA8CBD2}.Release|Any CPU.ActiveCfg = Release|Any CPU
		{6494FB7D-C2CF-44F3-9066-7324AFA8CBD2}.Release|Any CPU.Build.0 = Release|Any CPU
		{0B2EB2DF-19E2-43CE-B13E-A9DDE286309A}.Debug|Any CPU.ActiveCfg = Debug|Any CPU
		{0B2EB2DF-19E2-43CE-B13E-A9DDE286309A}.Debug|Any CPU.Build.0 = Debug|Any CPU
		{0B2EB2DF-19E2-43CE-B13E-A9DDE286309A}.Release|Any CPU.ActiveCfg = Release|Any CPU
		{0B2EB2DF-19E2-43CE-B13E-A9DDE286309A}.Release|Any CPU.Build.0 = Release|Any CPU
		{EE0D601E-22DA-4F17-B912-C5E0E0EDA078}.Debug|Any CPU.ActiveCfg = Debug|Any CPU
		{EE0D601E-22DA-4F17-B912-C5E0E0EDA078}.Debug|Any CPU.Build.0 = Debug|Any CPU
		{EE0D601E-22DA-4F17-B912-C5E0E0EDA078}.Release|Any CPU.ActiveCfg = Release|Any CPU
		{EE0D601E-22DA-4F17-B912-C5E0E0EDA078}.Release|Any CPU.Build.0 = Release|Any CPU
		{C1AB7C2C-C451-4EA4-9D3E-4C894B992836}.Debug|Any CPU.ActiveCfg = Debug|Any CPU
		{C1AB7C2C-C451-4EA4-9D3E-4C894B992836}.Debug|Any CPU.Build.0 = Debug|Any CPU
		{C1AB7C2C-C451-4EA4-9D3E-4C894B992836}.Release|Any CPU.ActiveCfg = Release|Any CPU
		{C1AB7C2C-C451-4EA4-9D3E-4C894B992836}.Release|Any CPU.Build.0 = Release|Any CPU
		{2825F796-E2BF-4FD9-850F-208ABA33E2D2}.Debug|Any CPU.ActiveCfg = Debug|Any CPU
		{2825F796-E2BF-4FD9-850F-208ABA33E2D2}.Debug|Any CPU.Build.0 = Debug|Any CPU
		{2825F796-E2BF-4FD9-850F-208ABA33E2D2}.Release|Any CPU.ActiveCfg = Release|Any CPU
		{2825F796-E2BF-4FD9-850F-208ABA33E2D2}.Release|Any CPU.Build.0 = Release|Any CPU
	EndGlobalSection
	GlobalSection(SolutionProperties) = preSolution
		HideSolutionNode = FALSE
	EndGlobalSection
	GlobalSection(NestedProjects) = preSolution
		{015D884A-DFDD-40B8-A162-A7C5E0C2BF8F} = {2A5406D2-F385-4D28-9EF9-EE6741ED0BCB}
		{E1A3F18E-C6D8-4D30-9E16-A46E64FFF3FD} = {2A5406D2-F385-4D28-9EF9-EE6741ED0BCB}
		{129C95A5-1F9C-4D91-9593-9E097A719083} = {2A5406D2-F385-4D28-9EF9-EE6741ED0BCB}
		{A96B4FA0-C018-41F0-8EC9-7E6A0E397FA1} = {DFD9CF49-6921-4BAE-BDC0-C77537C842AB}
		{B1E21F07-75F9-4333-8800-9ED52EAE4163} = {DFD9CF49-6921-4BAE-BDC0-C77537C842AB}
		{B4B84535-A114-4D5E-934B-BE66450A59DC} = {DFD9CF49-6921-4BAE-BDC0-C77537C842AB}
		{6494FB7D-C2CF-44F3-9066-7324AFA8CBD2} = {EC080CA8-86BE-4D75-B986-384DA87B4342}
		{0B2EB2DF-19E2-43CE-B13E-A9DDE286309A} = {EC080CA8-86BE-4D75-B986-384DA87B4342}
	EndGlobalSection
	GlobalSection(ExtensibilityGlobals) = postSolution
		SolutionGuid = {6CCCCA1A-4415-4683-B571-75A0536240E0}
	EndGlobalSection
EndGlobal
