
Microsoft Visual Studio Solution File, Format Version 12.00
# Visual Studio Version 17
VisualStudioVersion = 17.0.31903.59
MinimumVisualStudioVersion = 10.0.40219.1
Project("{2150E333-8FDC-42A3-9474-1A3956D46DE8}") = "Auth.API", "Auth.API", "{5302325B-B6BB-4FD4-80F2-D2A5A1681310}"
EndProject
Project("{9A19103F-16F7-4668-BE54-9A1E7A4F7556}") = "API", "Auth.API\API\API.csproj", "{B4A0A3BB-F24C-42CC-B8AD-4ACAAB720746}"
EndProject
Project("{9A19103F-16F7-4668-BE54-9A1E7A4F7556}") = "Tests", "Auth.API\Tests\Tests.csproj", "{83F6666D-1305-4F78-A9B9-7EDA5B65F24A}"
EndProject
Project("{9A19103F-16F7-4668-BE54-9A1E7A4F7556}") = "Tests.Integration", "Auth.API\Tests.Integration\Tests.Integration.csproj", "{907172D8-988D-4F82-B0B6-A73C86A8C458}"
EndProject
Global
	GlobalSection(SolutionConfigurationPlatforms) = preSolution
		Debug|Any CPU = Debug|Any CPU
		Release|Any CPU = Release|Any CPU
	EndGlobalSection
	GlobalSection(ProjectConfigurationPlatforms) = postSolution
		{B4A0A3BB-F24C-42CC-B8AD-4ACAAB720746}.Debug|Any CPU.ActiveCfg = Debug|Any CPU
		{B4A0A3BB-F24C-42CC-B8AD-4ACAAB720746}.Debug|Any CPU.Build.0 = Debug|Any CPU
		{B4A0A3BB-F24C-42CC-B8AD-4ACAAB720746}.Release|Any CPU.ActiveCfg = Release|Any CPU
		{B4A0A3BB-F24C-42CC-B8AD-4ACAAB720746}.Release|Any CPU.Build.0 = Release|Any CPU
		{83F6666D-1305-4F78-A9B9-7EDA5B65F24A}.Debug|Any CPU.ActiveCfg = Debug|Any CPU
		{83F6666D-1305-4F78-A9B9-7EDA5B65F24A}.Debug|Any CPU.Build.0 = Debug|Any CPU
		{83F6666D-1305-4F78-A9B9-7EDA5B65F24A}.Release|Any CPU.ActiveCfg = Release|Any CPU
		{83F6666D-1305-4F78-A9B9-7EDA5B65F24A}.Release|Any CPU.Build.0 = Release|Any CPU
		{907172D8-988D-4F82-B0B6-A73C86A8C458}.Debug|Any CPU.ActiveCfg = Debug|Any CPU
		{907172D8-988D-4F82-B0B6-A73C86A8C458}.Debug|Any CPU.Build.0 = Debug|Any CPU
		{907172D8-988D-4F82-B0B6-A73C86A8C458}.Release|Any CPU.ActiveCfg = Release|Any CPU
		{907172D8-988D-4F82-B0B6-A73C86A8C458}.Release|Any CPU.Build.0 = Release|Any CPU
	EndGlobalSection
	GlobalSection(SolutionProperties) = preSolution
		HideSolutionNode = FALSE
	EndGlobalSection
	GlobalSection(NestedProjects) = preSolution
		{B4A0A3BB-F24C-42CC-B8AD-4ACAAB720746} = {5302325B-B6BB-4FD4-80F2-D2A5A1681310}
		{83F6666D-1305-4F78-A9B9-7EDA5B65F24A} = {5302325B-B6BB-4FD4-80F2-D2A5A1681310}
		{907172D8-988D-4F82-B0B6-A73C86A8C458} = {5302325B-B6BB-4FD4-80F2-D2A5A1681310}
	EndGlobalSection
	GlobalSection(ExtensibilityGlobals) = postSolution
		SolutionGuid = {8789D0A8-1EA2-4934-8457-11178E84AC7B}
	EndGlobalSection
EndGlobal
