
Microsoft Visual Studio Solution File, Format Version 12.00
# Visual Studio Version 17
VisualStudioVersion = 17.3.32811.315
MinimumVisualStudioVersion = 10.0.40219.1
Project("{2150E333-8FDC-42A3-9474-1A3956D46DE8}") = "Auth.API", "Auth.API", "{40C0FCCA-5207-4FE6-8F17-5FB5AE218467}"
EndProject
Project("{FAE04EC0-301F-11D3-BF4B-00C04F79EFBC}") = "API", "Auth.API\API\API.csproj", "{B08D7D04-AE30-4382-A090-27A933B47D92}"
EndProject
Project("{FAE04EC0-301F-11D3-BF4B-00C04F79EFBC}") = "Tests", "Auth.API\Tests\Tests.csproj", "{E6DAE10C-3B1D-4015-BF45-11939160F252}"
EndProject
Global
	GlobalSection(SolutionConfigurationPlatforms) = preSolution
		Debug|Any CPU = Debug|Any CPU
		Release|Any CPU = Release|Any CPU
	EndGlobalSection
	GlobalSection(ProjectConfigurationPlatforms) = postSolution
		{B08D7D04-AE30-4382-A090-27A933B47D92}.Debug|Any CPU.ActiveCfg = Debug|Any CPU
		{B08D7D04-AE30-4382-A090-27A933B47D92}.Debug|Any CPU.Build.0 = Debug|Any CPU
		{B08D7D04-AE30-4382-A090-27A933B47D92}.Release|Any CPU.ActiveCfg = Release|Any CPU
		{B08D7D04-AE30-4382-A090-27A933B47D92}.Release|Any CPU.Build.0 = Release|Any CPU
		{E6DAE10C-3B1D-4015-BF45-11939160F252}.Debug|Any CPU.ActiveCfg = Debug|Any CPU
		{E6DAE10C-3B1D-4015-BF45-11939160F252}.Debug|Any CPU.Build.0 = Debug|Any CPU
		{E6DAE10C-3B1D-4015-BF45-11939160F252}.Release|Any CPU.ActiveCfg = Release|Any CPU
		{E6DAE10C-3B1D-4015-BF45-11939160F252}.Release|Any CPU.Build.0 = Release|Any CPU
	EndGlobalSection
	GlobalSection(SolutionProperties) = preSolution
		HideSolutionNode = FALSE
	EndGlobalSection
	GlobalSection(ExtensibilityGlobals) = postSolution
		SolutionGuid = {8710F924-9EE6-4142-A232-456121E239B0}
	EndGlobalSection
	GlobalSection(NestedProjects) = preSolution
		{B08D7D04-AE30-4382-A090-27A933B47D92} = {40C0FCCA-5207-4FE6-8F17-5FB5AE218467}
		{E6DAE10C-3B1D-4015-BF45-11939160F252} = {40C0FCCA-5207-4FE6-8F17-5FB5AE218467}
	EndGlobalSection
EndGlobal
