
Microsoft Visual Studio Solution File, Format Version 12.00
# Visual Studio Version 16
VisualStudioVersion = 16.0.30114.105
MinimumVisualStudioVersion = 10.0.40219.1
Project("{2150E333-8FDC-42A3-9474-1A3956D46DE8}") = "API", "API", "{8AF5A02E-3905-4C83-93DA-9154373B296B}"
EndProject
Project("{FAE04EC0-301F-11D3-BF4B-00C04F79EFBC}") = "Oidc.Mock", "API\Mock\Oidc.Mock.csproj", "{6C8888F1-CB4A-444D-91E8-93DACFB2A5B9}"
EndProject
Project("{FAE04EC0-301F-11D3-BF4B-00C04F79EFBC}") = "Tests", "API\Tests\Tests.csproj", "{E4263258-2C75-4784-9794-08BCF628075F}"
EndProject
Global
	GlobalSection(SolutionProperties) = preSolution
		HideSolutionNode = FALSE
	EndGlobalSection
	GlobalSection(SolutionConfigurationPlatforms) = preSolution
		Debug|Any CPU = Debug|Any CPU
		Debug|x64 = Debug|x64
		Debug|x86 = Debug|x86
		Release|Any CPU = Release|Any CPU
		Release|x64 = Release|x64
		Release|x86 = Release|x86
	EndGlobalSection
	GlobalSection(ProjectConfigurationPlatforms) = postSolution
		{6C8888F1-CB4A-444D-91E8-93DACFB2A5B9}.Debug|Any CPU.ActiveCfg = Debug|Any CPU
		{6C8888F1-CB4A-444D-91E8-93DACFB2A5B9}.Debug|Any CPU.Build.0 = Debug|Any CPU
		{6C8888F1-CB4A-444D-91E8-93DACFB2A5B9}.Debug|x64.ActiveCfg = Debug|Any CPU
		{6C8888F1-CB4A-444D-91E8-93DACFB2A5B9}.Debug|x64.Build.0 = Debug|Any CPU
		{6C8888F1-CB4A-444D-91E8-93DACFB2A5B9}.Debug|x86.ActiveCfg = Debug|Any CPU
		{6C8888F1-CB4A-444D-91E8-93DACFB2A5B9}.Debug|x86.Build.0 = Debug|Any CPU
		{6C8888F1-CB4A-444D-91E8-93DACFB2A5B9}.Release|Any CPU.ActiveCfg = Release|Any CPU
		{6C8888F1-CB4A-444D-91E8-93DACFB2A5B9}.Release|Any CPU.Build.0 = Release|Any CPU
		{6C8888F1-CB4A-444D-91E8-93DACFB2A5B9}.Release|x64.ActiveCfg = Release|Any CPU
		{6C8888F1-CB4A-444D-91E8-93DACFB2A5B9}.Release|x64.Build.0 = Release|Any CPU
		{6C8888F1-CB4A-444D-91E8-93DACFB2A5B9}.Release|x86.ActiveCfg = Release|Any CPU
		{6C8888F1-CB4A-444D-91E8-93DACFB2A5B9}.Release|x86.Build.0 = Release|Any CPU
		{E4263258-2C75-4784-9794-08BCF628075F}.Debug|Any CPU.ActiveCfg = Debug|Any CPU
		{E4263258-2C75-4784-9794-08BCF628075F}.Debug|Any CPU.Build.0 = Debug|Any CPU
		{E4263258-2C75-4784-9794-08BCF628075F}.Debug|x64.ActiveCfg = Debug|Any CPU
		{E4263258-2C75-4784-9794-08BCF628075F}.Debug|x64.Build.0 = Debug|Any CPU
		{E4263258-2C75-4784-9794-08BCF628075F}.Debug|x86.ActiveCfg = Debug|Any CPU
		{E4263258-2C75-4784-9794-08BCF628075F}.Debug|x86.Build.0 = Debug|Any CPU
		{E4263258-2C75-4784-9794-08BCF628075F}.Release|Any CPU.ActiveCfg = Release|Any CPU
		{E4263258-2C75-4784-9794-08BCF628075F}.Release|Any CPU.Build.0 = Release|Any CPU
		{E4263258-2C75-4784-9794-08BCF628075F}.Release|x64.ActiveCfg = Release|Any CPU
		{E4263258-2C75-4784-9794-08BCF628075F}.Release|x64.Build.0 = Release|Any CPU
		{E4263258-2C75-4784-9794-08BCF628075F}.Release|x86.ActiveCfg = Release|Any CPU
		{E4263258-2C75-4784-9794-08BCF628075F}.Release|x86.Build.0 = Release|Any CPU
	EndGlobalSection
	GlobalSection(NestedProjects) = preSolution
		{6C8888F1-CB4A-444D-91E8-93DACFB2A5B9} = {8AF5A02E-3905-4C83-93DA-9154373B296B}
		{E4263258-2C75-4784-9794-08BCF628075F} = {8AF5A02E-3905-4C83-93DA-9154373B296B}
	EndGlobalSection
EndGlobal
