
Microsoft Visual Studio Solution File, Format Version 12.00
Project("{FAE04EC0-301F-11D3-BF4B-00C04F79EFBC}") = "Ranularg", "Ranularg\Ranularg.csproj", "{A7EC45FF-4067-435C-8A62-469DE798614F}"
EndProject
Project("{FAE04EC0-301F-11D3-BF4B-00C04F79EFBC}") = "Energinet.TestApi", "Energinet.TestApi\Energinet.TestApi.csproj", "{F9165508-E1B0-4214-847B-53AA3D958C9F}"
EndProject
Global
	GlobalSection(SolutionConfigurationPlatforms) = preSolution
		Debug|Any CPU = Debug|Any CPU
		Release|Any CPU = Release|Any CPU
	EndGlobalSection
	GlobalSection(ProjectConfigurationPlatforms) = postSolution
		{A7EC45FF-4067-435C-8A62-469DE798614F}.Debug|Any CPU.ActiveCfg = Debug|Any CPU
		{A7EC45FF-4067-435C-8A62-469DE798614F}.Debug|Any CPU.Build.0 = Debug|Any CPU
		{A7EC45FF-4067-435C-8A62-469DE798614F}.Release|Any CPU.ActiveCfg = Release|Any CPU
		{A7EC45FF-4067-435C-8A62-469DE798614F}.Release|Any CPU.Build.0 = Release|Any CPU
		{F9165508-E1B0-4214-847B-53AA3D958C9F}.Debug|Any CPU.ActiveCfg = Debug|Any CPU
		{F9165508-E1B0-4214-847B-53AA3D958C9F}.Debug|Any CPU.Build.0 = Debug|Any CPU
		{F9165508-E1B0-4214-847B-53AA3D958C9F}.Release|Any CPU.ActiveCfg = Release|Any CPU
		{F9165508-E1B0-4214-847B-53AA3D958C9F}.Release|Any CPU.Build.0 = Release|Any CPU
	EndGlobalSection
EndGlobal
