
Microsoft Visual Studio Solution File, Format Version 12.00
# Visual Studio Version 17
VisualStudioVersion = 17.0.31903.59
MinimumVisualStudioVersion = 10.0.40219.1
Project("{2150E333-8FDC-42A3-9474-1A3956D46DE8}") = "Transfer", "Transfer", "{3CA639F3-7ED7-45C2-ADCE-D46CF38FDB68}"
EndProject
Project("{2150E333-8FDC-42A3-9474-1A3956D46DE8}") = "Transfer.API", "Transfer.API", "{D9183A99-EA55-48D4-8D98-83B10EF83C58}"
EndProject
Project("{FAE04EC0-301F-11D3-BF4B-00C04F79EFBC}") = "API", "transfer\Transfer.API\API\API.csproj", "{78A796C7-37DF-4800-B9B1-B2FEC61E1F67}"
EndProject
Project("{FAE04EC0-301F-11D3-BF4B-00C04F79EFBC}") = "API.IntegrationTests", "transfer\Transfer.API\API.IntegrationTests\API.IntegrationTests.csproj", "{B62AC9CF-FCDE-4641-9939-6F73B3B58AA9}"
EndProject
Project("{FAE04EC0-301F-11D3-BF4B-00C04F79EFBC}") = "API.UnitTests", "transfer\Transfer.API\API.UnitTests\API.UnitTests.csproj", "{26CC814F-6FEA-4F44-91B8-4CF2095011C4}"
EndProject
Project("{2150E333-8FDC-42A3-9474-1A3956D46DE8}") = "ClaimAutomation", "ClaimAutomation", "{49BD2ADB-B27F-477B-BC18-B60554A413B8}"
EndProject
Project("{FAE04EC0-301F-11D3-BF4B-00C04F79EFBC}") = "Worker", "transfer\ClaimAutomation\Worker\Worker.csproj", "{467DE8C9-F1E6-41DE-8E62-BE6FB6A66AA6}"
EndProject
Project("{FAE04EC0-301F-11D3-BF4B-00C04F79EFBC}") = "Worker.IntegrationTests", "transfer\ClaimAutomation\Worker.IntegrationTests\Worker.IntegrationTests.csproj", "{4EEB1616-4289-40C9-8833-7D644AA294B5}"
EndProject
Project("{FAE04EC0-301F-11D3-BF4B-00C04F79EFBC}") = "Worker.UnitTests", "transfer\ClaimAutomation\Worker.UnitTests\Worker.UnitTests.csproj", "{F3175580-658B-4228-B485-7240759C6933}"
EndProject
Project("{2150E333-8FDC-42A3-9474-1A3956D46DE8}") = "TransferAgreementAutomation", "TransferAgreementAutomation", "{8BA075E4-5C7B-433B-93CF-5868AAF49540}"
EndProject
Project("{FAE04EC0-301F-11D3-BF4B-00C04F79EFBC}") = "Worker", "transfer\TransferAgreementAutomation\Worker\Worker.csproj", "{BED98EEC-37E9-4D61-AB9E-EB8D1CDFACCA}"
EndProject
Project("{FAE04EC0-301F-11D3-BF4B-00C04F79EFBC}") = "Worker.IntegrationTests", "transfer\TransferAgreementAutomation\Worker.IntegrationTests\Worker.IntegrationTests.csproj", "{6D5C5800-2CC4-49DB-8F2E-76B0C0F1D543}"
EndProject
Project("{FAE04EC0-301F-11D3-BF4B-00C04F79EFBC}") = "Worker.UnitTests", "transfer\TransferAgreementAutomation\Worker.UnitTests\Worker.UnitTests.csproj", "{5035BF50-E8DE-48A6-9067-9072B4AC33AF}"
EndProject
Project("{2150E333-8FDC-42A3-9474-1A3956D46DE8}") = "Measurements", "Measurements", "{B3A4CAD0-DCBB-4A5A-86A1-8628BF42F0A6}"
EndProject
Project("{2150E333-8FDC-42A3-9474-1A3956D46DE8}") = "Measurements.API", "Measurements.API", "{E391BD37-5309-44AE-93AB-C6157037B4BD}"
EndProject
Project("{FAE04EC0-301F-11D3-BF4B-00C04F79EFBC}") = "API", "measurements\Measurements.API\API\API.csproj", "{B00D16F8-E007-44A8-B531-175AFF6E7C9C}"
EndProject
Project("{FAE04EC0-301F-11D3-BF4B-00C04F79EFBC}") = "DataHubFacadeClients", "measurements\DataHubFacadeClients\DataHubFacadeClients.csproj", "{E1E5683A-252D-44CB-9CEF-3230D65D804F}"
EndProject
Project("{2150E333-8FDC-42A3-9474-1A3956D46DE8}") = "Certificates", "Certificates", "{09A18844-7B8E-4AFB-B24A-CB8F32FD931D}"
EndProject
Project("{2150E333-8FDC-42A3-9474-1A3956D46DE8}") = "Query.API", "Query.API", "{1A5FEEB2-69B8-4793-A47B-53F3E7E7AB0C}"
EndProject
Project("{FAE04EC0-301F-11D3-BF4B-00C04F79EFBC}") = "API", "certificates\Query.API\API\API.csproj", "{93D65F1E-D33E-4E07-99A3-72764E3C5866}"
EndProject
Project("{FAE04EC0-301F-11D3-BF4B-00C04F79EFBC}") = "API.IntegrationTests", "certificates\Query.API\API.IntegrationTests\API.IntegrationTests.csproj", "{D7D503D8-A855-454F-B2B9-BC463EBFE2FF}"
EndProject
Project("{FAE04EC0-301F-11D3-BF4B-00C04F79EFBC}") = "API.UnitTests", "certificates\Query.API\API.UnitTests\API.UnitTests.csproj", "{B10F90AD-A1ED-40AC-B5D5-DE20CF1CB1C4}"
EndProject
Project("{2150E333-8FDC-42A3-9474-1A3956D46DE8}") = "Shared", "Shared", "{85E7FC1C-E130-4834-99A6-0AC158AE3488}"
EndProject
Project("{FAE04EC0-301F-11D3-BF4B-00C04F79EFBC}") = "Contracts", "certificates\Shared\Contracts\Contracts.csproj", "{79D51B1A-7324-4D75-818F-FA87963E5DC4}"
EndProject
Project("{FAE04EC0-301F-11D3-BF4B-00C04F79EFBC}") = "DataContext", "certificates\Shared\DataContext\DataContext.csproj", "{2940B9BA-B1D7-42CB-A503-7E38177ABE3C}"
EndProject
Project("{FAE04EC0-301F-11D3-BF4B-00C04F79EFBC}") = "MeasurementEvents", "certificates\Shared\MeasurementEvents\MeasurementEvents.csproj", "{DC7C3D1E-67BE-4310-B5A9-A6E126E5793B}"
EndProject
Project("{FAE04EC0-301F-11D3-BF4B-00C04F79EFBC}") = "ProjectOriginClients", "certificates\Shared\ProjectOriginClients\ProjectOriginClients.csproj", "{679AF118-DDBF-4C55-A2DB-818051841A39}"
EndProject
Project("{FAE04EC0-301F-11D3-BF4B-00C04F79EFBC}") = "Testing", "certificates\Shared\Testing\Testing.csproj", "{44A27E94-7E10-4EA1-8A5F-DA347B9E827B}"
EndProject
Project("{2150E333-8FDC-42A3-9474-1A3956D46DE8}") = "Shared", "Shared", "{EA9CDD3C-206F-41C6-A140-9D0D8E4C2B90}"
EndProject
Project("{FAE04EC0-301F-11D3-BF4B-00C04F79EFBC}") = "DataContext", "transfer\Shared\DataContext\DataContext.csproj", "{3E2F22EF-E7A6-4D98-AFD1-A8C5717ACC67}"
EndProject
Project("{FAE04EC0-301F-11D3-BF4B-00C04F79EFBC}") = "ProjectOriginClients", "transfer\Shared\ProjectOriginClients\ProjectOriginClients.csproj", "{450C89A8-6905-4FEE-BCAE-BD316248AC5C}"
EndProject
Project("{FAE04EC0-301F-11D3-BF4B-00C04F79EFBC}") = "ProjectOriginClients.Tests", "transfer\Shared\ProjectOriginClients.Tests\ProjectOriginClients.Tests.csproj", "{F6A9B8A8-8D8B-49B3-89C5-0310021522DD}"
EndProject
Project("{FAE04EC0-301F-11D3-BF4B-00C04F79EFBC}") = "Tests", "measurements\Measurements.API\Tests\Tests.csproj", "{9A0AE7EE-6702-420D-AB17-D71F5BDB92E6}"
EndProject
Project("{2150E333-8FDC-42A3-9474-1A3956D46DE8}") = "Authorization", "Authorization", "{A1DEC947-8F98-49E1-B6CA-17B16E0F7FB2}"
EndProject
Project("{2150E333-8FDC-42A3-9474-1A3956D46DE8}") = "Authorization.API", "Authorization.API", "{17540905-0C07-482A-9B02-4893039E8AC6}"
EndProject
Project("{2150E333-8FDC-42A3-9474-1A3956D46DE8}") = "Proxy", "Proxy", "{1BDC7049-1EE8-4891-8D0D-E2F46B4856AB}"
EndProject
Project("{2150E333-8FDC-42A3-9474-1A3956D46DE8}") = "Shared", "Shared", "{0702F3DC-524D-48C3-8AF7-3430B70FA794}"
EndProject
Project("{FAE04EC0-301F-11D3-BF4B-00C04F79EFBC}") = "Testing", "authorization\Testing\Testing.csproj", "{1A0B87DE-02F3-476C-BA2E-530A2A5FB3B5}"
EndProject
Project("{FAE04EC0-301F-11D3-BF4B-00C04F79EFBC}") = "Proxy", "authorization\Proxy\Proxy.csproj", "{BD92B3C4-9901-46E2-8A47-F4D0130BFC67}"
EndProject
Project("{FAE04EC0-301F-11D3-BF4B-00C04F79EFBC}") = "Proxy.IntegrationTests", "authorization\Proxy.IntegrationTests\Proxy.IntegrationTests.csproj", "{BE97BEC9-50D8-458E-89E3-BC0334A9DD2B}"
EndProject
Project("{FAE04EC0-301F-11D3-BF4B-00C04F79EFBC}") = "API", "authorization\Authorization.API\API\API.csproj", "{603C7181-B70C-4F2B-857B-2E5A25A29150}"
EndProject
Project("{FAE04EC0-301F-11D3-BF4B-00C04F79EFBC}") = "API.IntegrationTests", "authorization\Authorization.API\API.IntegrationTests\API.IntegrationTests\API.IntegrationTests.csproj", "{19781396-85B1-464A-A09E-FD9DE1502CB1}"
EndProject
Project("{FAE04EC0-301F-11D3-BF4B-00C04F79EFBC}") = "API.UnitTests", "authorization\Authorization.API\API.UnitTests\API.UnitTests\API.UnitTests.csproj", "{506EDBF8-3AED-4B51-ACE4-3D1D21D5F0EC}"
EndProject
Project("{2150E333-8FDC-42A3-9474-1A3956D46DE8}") = "Auth", "Auth", "{D78758A4-DA7D-44A7-932A-1CDF35C4373E}"
EndProject
Project("{2150E333-8FDC-42A3-9474-1A3956D46DE8}") = "Auth.API", "Auth.API", "{D12EE9DB-2F93-4467-A9D9-7067BC0EE182}"
EndProject
Project("{FAE04EC0-301F-11D3-BF4B-00C04F79EFBC}") = "API", "auth\Auth.API\API\API.csproj", "{441A09EB-4F19-47A2-916B-CAEA25674D80}"
EndProject
Project("{FAE04EC0-301F-11D3-BF4B-00C04F79EFBC}") = "Unit.Tests", "auth\Auth.API\Unit.Tests\Unit.Tests.csproj", "{AC56954C-7A4D-4ECA-998E-E5A4AF7276D9}"
EndProject
Project("{2150E333-8FDC-42A3-9474-1A3956D46DE8}") = "Shared", "Shared", "{B876A0FC-7C27-49F3-907A-5D6B7ABD13E3}"
EndProject
Project("{FAE04EC0-301F-11D3-BF4B-00C04F79EFBC}") = "Testing", "auth\Testing\Testing.csproj", "{5E231691-617D-44F2-9759-F0BBE4C48FCA}"
EndProject
Project("{2150E333-8FDC-42A3-9474-1A3956D46DE8}") = "OIDCMock", "OIDCMock", "{0D4C969B-C623-46E4-9B51-AB3E4D8D7023}"
EndProject
Project("{2150E333-8FDC-42A3-9474-1A3956D46DE8}") = "OIDCMock.API", "OIDCMock.API", "{F21B5A4B-6102-420B-919C-55EF6C580A02}"
EndProject
Project("{FAE04EC0-301F-11D3-BF4B-00C04F79EFBC}") = "Oidc.Mock", "oidc-mock\API\Mock\Oidc.Mock.csproj", "{390EF0E8-13C4-40F6-BD7D-B4B04E87BF10}"
EndProject
Project("{FAE04EC0-301F-11D3-BF4B-00C04F79EFBC}") = "Tests", "oidc-mock\API\Tests\Tests.csproj", "{70AB144A-44A2-415A-B46F-4D7A5D656D42}"
EndProject
Project("{2150E333-8FDC-42A3-9474-1A3956D46DE8}") = "Libraries", "Libraries", "{3C383CE9-DC5A-4392-9B48-6B41AFA95EE1}"
EndProject
Project("{2150E333-8FDC-42A3-9474-1A3956D46DE8}") = "ActivityLog", "ActivityLog", "{73494261-A8B1-4D7A-A84F-37EF06D18118}"
EndProject
Project("{FAE04EC0-301F-11D3-BF4B-00C04F79EFBC}") = "EnergyOrigin.ActivityLog", "libraries\EnergyOrigin.ActivityLog\EnergyOrigin.ActivityLog\EnergyOrigin.ActivityLog.csproj", "{835CF147-2160-4E18-829C-7A7E894B656F}"
EndProject
Project("{FAE04EC0-301F-11D3-BF4B-00C04F79EFBC}") = "EnergyOrigin.ActivityLog.Unit.Tests", "libraries\EnergyOrigin.ActivityLog\EnergyOrigin.ActivityLog.Unit.Tests\EnergyOrigin.ActivityLog.Unit.Tests.csproj", "{D41378A0-24F1-4133-A3E0-CA3BD22964D3}"
EndProject
Project("{2150E333-8FDC-42A3-9474-1A3956D46DE8}") = "IntegrationEvents", "IntegrationEvents", "{48F1EB08-5739-4E22-96BD-ACC271D568F0}"
EndProject
Project("{FAE04EC0-301F-11D3-BF4B-00C04F79EFBC}") = "EnergyOrigin.IntegrationEvents", "libraries\EnergyOrigin.IntegrationEvents\EnergyOrigin.IntegrationEvents\EnergyOrigin.IntegrationEvents.csproj", "{B5911CA1-84FA-4CF1-8380-28F0C490C47B}"
EndProject
Project("{FAE04EC0-301F-11D3-BF4B-00C04F79EFBC}") = "EnergyOrigin.IntegrationEvents.Tests", "libraries\EnergyOrigin.IntegrationEvents\EnergyOrigin.IntegrationEvents.Tests\EnergyOrigin.IntegrationEvents.Tests.csproj", "{3C6F957D-B65B-409A-8E45-37ADB44170CD}"
EndProject
Project("{2150E333-8FDC-42A3-9474-1A3956D46DE8}") = "Setup", "Setup", "{DAB75AF1-1F0A-4371-ABD6-D1192EEE812D}"
EndProject
Project("{FAE04EC0-301F-11D3-BF4B-00C04F79EFBC}") = "EnergyOrigin.Setup", "libraries\EnergyOrigin.Setup\EnergyOrigin.Setup\EnergyOrigin.Setup.csproj", "{FEA10879-6C89-4517-9016-469BF9C9DAEB}"
EndProject
Project("{FAE04EC0-301F-11D3-BF4B-00C04F79EFBC}") = "EnergyOrigin.Setup.Tests", "libraries\EnergyOrigin.Setup\EnergyOrigin.Setup.Tests\EnergyOrigin.Setup.Tests.csproj", "{EEA29997-0514-4F7D-8F75-7D3779924366}"
EndProject
Project("{2150E333-8FDC-42A3-9474-1A3956D46DE8}") = "TokenValidation", "TokenValidation", "{5143CB46-2F28-4C63-911A-837B6B5689A3}"
EndProject
Project("{FAE04EC0-301F-11D3-BF4B-00C04F79EFBC}") = "EnergyOrigin.TokenValidation", "libraries\EnergyOrigin.TokenValidation\EnergyOrigin.TokenValidation\EnergyOrigin.TokenValidation.csproj", "{AA18A23D-4951-463F-ACBA-953FAF3B0467}"
EndProject
Project("{FAE04EC0-301F-11D3-BF4B-00C04F79EFBC}") = "EnergyOrigin.TokenValidation.Unit.Tests", "libraries\EnergyOrigin.TokenValidation\EnergyOrigin.TokenValidation.Unit.Tests\EnergyOrigin.TokenValidation.Unit.Tests.csproj", "{EFA7D21E-9DA2-46B0-A8E8-88ACDF7E5459}"
EndProject
Project("{FAE04EC0-301F-11D3-BF4B-00C04F79EFBC}") = "Integration.Tests", "auth\Auth.API\Integration.Tests\Integration.Tests.csproj", "{345AFFA6-5198-4B3E-8E47-17D2F49C9BC4}"
EndProject
Global
	GlobalSection(SolutionConfigurationPlatforms) = preSolution
		Debug|Any CPU = Debug|Any CPU
		Release|Any CPU = Release|Any CPU
	EndGlobalSection
	GlobalSection(NestedProjects) = preSolution
		{D9183A99-EA55-48D4-8D98-83B10EF83C58} = {3CA639F3-7ED7-45C2-ADCE-D46CF38FDB68}
		{78A796C7-37DF-4800-B9B1-B2FEC61E1F67} = {D9183A99-EA55-48D4-8D98-83B10EF83C58}
		{B62AC9CF-FCDE-4641-9939-6F73B3B58AA9} = {D9183A99-EA55-48D4-8D98-83B10EF83C58}
		{26CC814F-6FEA-4F44-91B8-4CF2095011C4} = {D9183A99-EA55-48D4-8D98-83B10EF83C58}
		{49BD2ADB-B27F-477B-BC18-B60554A413B8} = {3CA639F3-7ED7-45C2-ADCE-D46CF38FDB68}
		{467DE8C9-F1E6-41DE-8E62-BE6FB6A66AA6} = {49BD2ADB-B27F-477B-BC18-B60554A413B8}
		{4EEB1616-4289-40C9-8833-7D644AA294B5} = {49BD2ADB-B27F-477B-BC18-B60554A413B8}
		{F3175580-658B-4228-B485-7240759C6933} = {49BD2ADB-B27F-477B-BC18-B60554A413B8}
		{8BA075E4-5C7B-433B-93CF-5868AAF49540} = {3CA639F3-7ED7-45C2-ADCE-D46CF38FDB68}
		{BED98EEC-37E9-4D61-AB9E-EB8D1CDFACCA} = {8BA075E4-5C7B-433B-93CF-5868AAF49540}
		{6D5C5800-2CC4-49DB-8F2E-76B0C0F1D543} = {8BA075E4-5C7B-433B-93CF-5868AAF49540}
		{5035BF50-E8DE-48A6-9067-9072B4AC33AF} = {8BA075E4-5C7B-433B-93CF-5868AAF49540}
		{E391BD37-5309-44AE-93AB-C6157037B4BD} = {B3A4CAD0-DCBB-4A5A-86A1-8628BF42F0A6}
		{B00D16F8-E007-44A8-B531-175AFF6E7C9C} = {E391BD37-5309-44AE-93AB-C6157037B4BD}
		{E1E5683A-252D-44CB-9CEF-3230D65D804F} = {E391BD37-5309-44AE-93AB-C6157037B4BD}
		{1A5FEEB2-69B8-4793-A47B-53F3E7E7AB0C} = {09A18844-7B8E-4AFB-B24A-CB8F32FD931D}
		{93D65F1E-D33E-4E07-99A3-72764E3C5866} = {1A5FEEB2-69B8-4793-A47B-53F3E7E7AB0C}
		{D7D503D8-A855-454F-B2B9-BC463EBFE2FF} = {1A5FEEB2-69B8-4793-A47B-53F3E7E7AB0C}
		{B10F90AD-A1ED-40AC-B5D5-DE20CF1CB1C4} = {1A5FEEB2-69B8-4793-A47B-53F3E7E7AB0C}
		{85E7FC1C-E130-4834-99A6-0AC158AE3488} = {09A18844-7B8E-4AFB-B24A-CB8F32FD931D}
		{79D51B1A-7324-4D75-818F-FA87963E5DC4} = {85E7FC1C-E130-4834-99A6-0AC158AE3488}
		{2940B9BA-B1D7-42CB-A503-7E38177ABE3C} = {85E7FC1C-E130-4834-99A6-0AC158AE3488}
		{DC7C3D1E-67BE-4310-B5A9-A6E126E5793B} = {85E7FC1C-E130-4834-99A6-0AC158AE3488}
		{679AF118-DDBF-4C55-A2DB-818051841A39} = {85E7FC1C-E130-4834-99A6-0AC158AE3488}
		{44A27E94-7E10-4EA1-8A5F-DA347B9E827B} = {85E7FC1C-E130-4834-99A6-0AC158AE3488}
		{EA9CDD3C-206F-41C6-A140-9D0D8E4C2B90} = {3CA639F3-7ED7-45C2-ADCE-D46CF38FDB68}
		{3E2F22EF-E7A6-4D98-AFD1-A8C5717ACC67} = {EA9CDD3C-206F-41C6-A140-9D0D8E4C2B90}
		{450C89A8-6905-4FEE-BCAE-BD316248AC5C} = {EA9CDD3C-206F-41C6-A140-9D0D8E4C2B90}
		{F6A9B8A8-8D8B-49B3-89C5-0310021522DD} = {EA9CDD3C-206F-41C6-A140-9D0D8E4C2B90}
		{9A0AE7EE-6702-420D-AB17-D71F5BDB92E6} = {E391BD37-5309-44AE-93AB-C6157037B4BD}
		{17540905-0C07-482A-9B02-4893039E8AC6} = {A1DEC947-8F98-49E1-B6CA-17B16E0F7FB2}
		{1BDC7049-1EE8-4891-8D0D-E2F46B4856AB} = {A1DEC947-8F98-49E1-B6CA-17B16E0F7FB2}
		{0702F3DC-524D-48C3-8AF7-3430B70FA794} = {A1DEC947-8F98-49E1-B6CA-17B16E0F7FB2}
		{1A0B87DE-02F3-476C-BA2E-530A2A5FB3B5} = {0702F3DC-524D-48C3-8AF7-3430B70FA794}
		{BD92B3C4-9901-46E2-8A47-F4D0130BFC67} = {1BDC7049-1EE8-4891-8D0D-E2F46B4856AB}
		{BE97BEC9-50D8-458E-89E3-BC0334A9DD2B} = {1BDC7049-1EE8-4891-8D0D-E2F46B4856AB}
		{603C7181-B70C-4F2B-857B-2E5A25A29150} = {17540905-0C07-482A-9B02-4893039E8AC6}
		{19781396-85B1-464A-A09E-FD9DE1502CB1} = {17540905-0C07-482A-9B02-4893039E8AC6}
		{506EDBF8-3AED-4B51-ACE4-3D1D21D5F0EC} = {17540905-0C07-482A-9B02-4893039E8AC6}
		{D12EE9DB-2F93-4467-A9D9-7067BC0EE182} = {D78758A4-DA7D-44A7-932A-1CDF35C4373E}
		{441A09EB-4F19-47A2-916B-CAEA25674D80} = {D12EE9DB-2F93-4467-A9D9-7067BC0EE182}
		{AC56954C-7A4D-4ECA-998E-E5A4AF7276D9} = {D12EE9DB-2F93-4467-A9D9-7067BC0EE182}
		{B876A0FC-7C27-49F3-907A-5D6B7ABD13E3} = {D78758A4-DA7D-44A7-932A-1CDF35C4373E}
		{5E231691-617D-44F2-9759-F0BBE4C48FCA} = {B876A0FC-7C27-49F3-907A-5D6B7ABD13E3}
		{F21B5A4B-6102-420B-919C-55EF6C580A02} = {0D4C969B-C623-46E4-9B51-AB3E4D8D7023}
		{390EF0E8-13C4-40F6-BD7D-B4B04E87BF10} = {F21B5A4B-6102-420B-919C-55EF6C580A02}
		{70AB144A-44A2-415A-B46F-4D7A5D656D42} = {F21B5A4B-6102-420B-919C-55EF6C580A02}
		{73494261-A8B1-4D7A-A84F-37EF06D18118} = {3C383CE9-DC5A-4392-9B48-6B41AFA95EE1}
		{835CF147-2160-4E18-829C-7A7E894B656F} = {73494261-A8B1-4D7A-A84F-37EF06D18118}
		{D41378A0-24F1-4133-A3E0-CA3BD22964D3} = {73494261-A8B1-4D7A-A84F-37EF06D18118}
		{48F1EB08-5739-4E22-96BD-ACC271D568F0} = {3C383CE9-DC5A-4392-9B48-6B41AFA95EE1}
		{B5911CA1-84FA-4CF1-8380-28F0C490C47B} = {48F1EB08-5739-4E22-96BD-ACC271D568F0}
		{3C6F957D-B65B-409A-8E45-37ADB44170CD} = {48F1EB08-5739-4E22-96BD-ACC271D568F0}
		{DAB75AF1-1F0A-4371-ABD6-D1192EEE812D} = {3C383CE9-DC5A-4392-9B48-6B41AFA95EE1}
		{FEA10879-6C89-4517-9016-469BF9C9DAEB} = {DAB75AF1-1F0A-4371-ABD6-D1192EEE812D}
		{EEA29997-0514-4F7D-8F75-7D3779924366} = {DAB75AF1-1F0A-4371-ABD6-D1192EEE812D}
		{5143CB46-2F28-4C63-911A-837B6B5689A3} = {3C383CE9-DC5A-4392-9B48-6B41AFA95EE1}
		{AA18A23D-4951-463F-ACBA-953FAF3B0467} = {5143CB46-2F28-4C63-911A-837B6B5689A3}
		{EFA7D21E-9DA2-46B0-A8E8-88ACDF7E5459} = {5143CB46-2F28-4C63-911A-837B6B5689A3}
		{345AFFA6-5198-4B3E-8E47-17D2F49C9BC4} = {D12EE9DB-2F93-4467-A9D9-7067BC0EE182}
	EndGlobalSection
	GlobalSection(ProjectConfigurationPlatforms) = postSolution
		{78A796C7-37DF-4800-B9B1-B2FEC61E1F67}.Debug|Any CPU.ActiveCfg = Debug|Any CPU
		{78A796C7-37DF-4800-B9B1-B2FEC61E1F67}.Debug|Any CPU.Build.0 = Debug|Any CPU
		{78A796C7-37DF-4800-B9B1-B2FEC61E1F67}.Release|Any CPU.ActiveCfg = Release|Any CPU
		{78A796C7-37DF-4800-B9B1-B2FEC61E1F67}.Release|Any CPU.Build.0 = Release|Any CPU
		{B62AC9CF-FCDE-4641-9939-6F73B3B58AA9}.Debug|Any CPU.ActiveCfg = Debug|Any CPU
		{B62AC9CF-FCDE-4641-9939-6F73B3B58AA9}.Debug|Any CPU.Build.0 = Debug|Any CPU
		{B62AC9CF-FCDE-4641-9939-6F73B3B58AA9}.Release|Any CPU.ActiveCfg = Release|Any CPU
		{B62AC9CF-FCDE-4641-9939-6F73B3B58AA9}.Release|Any CPU.Build.0 = Release|Any CPU
		{26CC814F-6FEA-4F44-91B8-4CF2095011C4}.Debug|Any CPU.ActiveCfg = Debug|Any CPU
		{26CC814F-6FEA-4F44-91B8-4CF2095011C4}.Debug|Any CPU.Build.0 = Debug|Any CPU
		{26CC814F-6FEA-4F44-91B8-4CF2095011C4}.Release|Any CPU.ActiveCfg = Release|Any CPU
		{26CC814F-6FEA-4F44-91B8-4CF2095011C4}.Release|Any CPU.Build.0 = Release|Any CPU
		{467DE8C9-F1E6-41DE-8E62-BE6FB6A66AA6}.Debug|Any CPU.ActiveCfg = Debug|Any CPU
		{467DE8C9-F1E6-41DE-8E62-BE6FB6A66AA6}.Debug|Any CPU.Build.0 = Debug|Any CPU
		{467DE8C9-F1E6-41DE-8E62-BE6FB6A66AA6}.Release|Any CPU.ActiveCfg = Release|Any CPU
		{467DE8C9-F1E6-41DE-8E62-BE6FB6A66AA6}.Release|Any CPU.Build.0 = Release|Any CPU
		{4EEB1616-4289-40C9-8833-7D644AA294B5}.Debug|Any CPU.ActiveCfg = Debug|Any CPU
		{4EEB1616-4289-40C9-8833-7D644AA294B5}.Debug|Any CPU.Build.0 = Debug|Any CPU
		{4EEB1616-4289-40C9-8833-7D644AA294B5}.Release|Any CPU.ActiveCfg = Release|Any CPU
		{4EEB1616-4289-40C9-8833-7D644AA294B5}.Release|Any CPU.Build.0 = Release|Any CPU
		{F3175580-658B-4228-B485-7240759C6933}.Debug|Any CPU.ActiveCfg = Debug|Any CPU
		{F3175580-658B-4228-B485-7240759C6933}.Debug|Any CPU.Build.0 = Debug|Any CPU
		{F3175580-658B-4228-B485-7240759C6933}.Release|Any CPU.ActiveCfg = Release|Any CPU
		{F3175580-658B-4228-B485-7240759C6933}.Release|Any CPU.Build.0 = Release|Any CPU
		{BED98EEC-37E9-4D61-AB9E-EB8D1CDFACCA}.Debug|Any CPU.ActiveCfg = Debug|Any CPU
		{BED98EEC-37E9-4D61-AB9E-EB8D1CDFACCA}.Debug|Any CPU.Build.0 = Debug|Any CPU
		{BED98EEC-37E9-4D61-AB9E-EB8D1CDFACCA}.Release|Any CPU.ActiveCfg = Release|Any CPU
		{BED98EEC-37E9-4D61-AB9E-EB8D1CDFACCA}.Release|Any CPU.Build.0 = Release|Any CPU
		{6D5C5800-2CC4-49DB-8F2E-76B0C0F1D543}.Debug|Any CPU.ActiveCfg = Debug|Any CPU
		{6D5C5800-2CC4-49DB-8F2E-76B0C0F1D543}.Debug|Any CPU.Build.0 = Debug|Any CPU
		{6D5C5800-2CC4-49DB-8F2E-76B0C0F1D543}.Release|Any CPU.ActiveCfg = Release|Any CPU
		{6D5C5800-2CC4-49DB-8F2E-76B0C0F1D543}.Release|Any CPU.Build.0 = Release|Any CPU
		{5035BF50-E8DE-48A6-9067-9072B4AC33AF}.Debug|Any CPU.ActiveCfg = Debug|Any CPU
		{5035BF50-E8DE-48A6-9067-9072B4AC33AF}.Debug|Any CPU.Build.0 = Debug|Any CPU
		{5035BF50-E8DE-48A6-9067-9072B4AC33AF}.Release|Any CPU.ActiveCfg = Release|Any CPU
		{5035BF50-E8DE-48A6-9067-9072B4AC33AF}.Release|Any CPU.Build.0 = Release|Any CPU
		{B00D16F8-E007-44A8-B531-175AFF6E7C9C}.Debug|Any CPU.ActiveCfg = Debug|Any CPU
		{B00D16F8-E007-44A8-B531-175AFF6E7C9C}.Debug|Any CPU.Build.0 = Debug|Any CPU
		{B00D16F8-E007-44A8-B531-175AFF6E7C9C}.Release|Any CPU.ActiveCfg = Release|Any CPU
		{B00D16F8-E007-44A8-B531-175AFF6E7C9C}.Release|Any CPU.Build.0 = Release|Any CPU
		{E1E5683A-252D-44CB-9CEF-3230D65D804F}.Debug|Any CPU.ActiveCfg = Debug|Any CPU
		{E1E5683A-252D-44CB-9CEF-3230D65D804F}.Debug|Any CPU.Build.0 = Debug|Any CPU
		{E1E5683A-252D-44CB-9CEF-3230D65D804F}.Release|Any CPU.ActiveCfg = Release|Any CPU
		{E1E5683A-252D-44CB-9CEF-3230D65D804F}.Release|Any CPU.Build.0 = Release|Any CPU
		{93D65F1E-D33E-4E07-99A3-72764E3C5866}.Debug|Any CPU.ActiveCfg = Debug|Any CPU
		{93D65F1E-D33E-4E07-99A3-72764E3C5866}.Debug|Any CPU.Build.0 = Debug|Any CPU
		{93D65F1E-D33E-4E07-99A3-72764E3C5866}.Release|Any CPU.ActiveCfg = Release|Any CPU
		{93D65F1E-D33E-4E07-99A3-72764E3C5866}.Release|Any CPU.Build.0 = Release|Any CPU
		{D7D503D8-A855-454F-B2B9-BC463EBFE2FF}.Debug|Any CPU.ActiveCfg = Debug|Any CPU
		{D7D503D8-A855-454F-B2B9-BC463EBFE2FF}.Debug|Any CPU.Build.0 = Debug|Any CPU
		{D7D503D8-A855-454F-B2B9-BC463EBFE2FF}.Release|Any CPU.ActiveCfg = Release|Any CPU
		{D7D503D8-A855-454F-B2B9-BC463EBFE2FF}.Release|Any CPU.Build.0 = Release|Any CPU
		{B10F90AD-A1ED-40AC-B5D5-DE20CF1CB1C4}.Debug|Any CPU.ActiveCfg = Debug|Any CPU
		{B10F90AD-A1ED-40AC-B5D5-DE20CF1CB1C4}.Debug|Any CPU.Build.0 = Debug|Any CPU
		{B10F90AD-A1ED-40AC-B5D5-DE20CF1CB1C4}.Release|Any CPU.ActiveCfg = Release|Any CPU
		{B10F90AD-A1ED-40AC-B5D5-DE20CF1CB1C4}.Release|Any CPU.Build.0 = Release|Any CPU
		{79D51B1A-7324-4D75-818F-FA87963E5DC4}.Debug|Any CPU.ActiveCfg = Debug|Any CPU
		{79D51B1A-7324-4D75-818F-FA87963E5DC4}.Debug|Any CPU.Build.0 = Debug|Any CPU
		{79D51B1A-7324-4D75-818F-FA87963E5DC4}.Release|Any CPU.ActiveCfg = Release|Any CPU
		{79D51B1A-7324-4D75-818F-FA87963E5DC4}.Release|Any CPU.Build.0 = Release|Any CPU
		{2940B9BA-B1D7-42CB-A503-7E38177ABE3C}.Debug|Any CPU.ActiveCfg = Debug|Any CPU
		{2940B9BA-B1D7-42CB-A503-7E38177ABE3C}.Debug|Any CPU.Build.0 = Debug|Any CPU
		{2940B9BA-B1D7-42CB-A503-7E38177ABE3C}.Release|Any CPU.ActiveCfg = Release|Any CPU
		{2940B9BA-B1D7-42CB-A503-7E38177ABE3C}.Release|Any CPU.Build.0 = Release|Any CPU
		{DC7C3D1E-67BE-4310-B5A9-A6E126E5793B}.Debug|Any CPU.ActiveCfg = Debug|Any CPU
		{DC7C3D1E-67BE-4310-B5A9-A6E126E5793B}.Debug|Any CPU.Build.0 = Debug|Any CPU
		{DC7C3D1E-67BE-4310-B5A9-A6E126E5793B}.Release|Any CPU.ActiveCfg = Release|Any CPU
		{DC7C3D1E-67BE-4310-B5A9-A6E126E5793B}.Release|Any CPU.Build.0 = Release|Any CPU
		{679AF118-DDBF-4C55-A2DB-818051841A39}.Debug|Any CPU.ActiveCfg = Debug|Any CPU
		{679AF118-DDBF-4C55-A2DB-818051841A39}.Debug|Any CPU.Build.0 = Debug|Any CPU
		{679AF118-DDBF-4C55-A2DB-818051841A39}.Release|Any CPU.ActiveCfg = Release|Any CPU
		{679AF118-DDBF-4C55-A2DB-818051841A39}.Release|Any CPU.Build.0 = Release|Any CPU
		{44A27E94-7E10-4EA1-8A5F-DA347B9E827B}.Debug|Any CPU.ActiveCfg = Debug|Any CPU
		{44A27E94-7E10-4EA1-8A5F-DA347B9E827B}.Debug|Any CPU.Build.0 = Debug|Any CPU
		{44A27E94-7E10-4EA1-8A5F-DA347B9E827B}.Release|Any CPU.ActiveCfg = Release|Any CPU
		{44A27E94-7E10-4EA1-8A5F-DA347B9E827B}.Release|Any CPU.Build.0 = Release|Any CPU
		{3E2F22EF-E7A6-4D98-AFD1-A8C5717ACC67}.Debug|Any CPU.ActiveCfg = Debug|Any CPU
		{3E2F22EF-E7A6-4D98-AFD1-A8C5717ACC67}.Debug|Any CPU.Build.0 = Debug|Any CPU
		{3E2F22EF-E7A6-4D98-AFD1-A8C5717ACC67}.Release|Any CPU.ActiveCfg = Release|Any CPU
		{3E2F22EF-E7A6-4D98-AFD1-A8C5717ACC67}.Release|Any CPU.Build.0 = Release|Any CPU
		{450C89A8-6905-4FEE-BCAE-BD316248AC5C}.Debug|Any CPU.ActiveCfg = Debug|Any CPU
		{450C89A8-6905-4FEE-BCAE-BD316248AC5C}.Debug|Any CPU.Build.0 = Debug|Any CPU
		{450C89A8-6905-4FEE-BCAE-BD316248AC5C}.Release|Any CPU.ActiveCfg = Release|Any CPU
		{450C89A8-6905-4FEE-BCAE-BD316248AC5C}.Release|Any CPU.Build.0 = Release|Any CPU
		{F6A9B8A8-8D8B-49B3-89C5-0310021522DD}.Debug|Any CPU.ActiveCfg = Debug|Any CPU
		{F6A9B8A8-8D8B-49B3-89C5-0310021522DD}.Debug|Any CPU.Build.0 = Debug|Any CPU
		{F6A9B8A8-8D8B-49B3-89C5-0310021522DD}.Release|Any CPU.ActiveCfg = Release|Any CPU
		{F6A9B8A8-8D8B-49B3-89C5-0310021522DD}.Release|Any CPU.Build.0 = Release|Any CPU
		{9A0AE7EE-6702-420D-AB17-D71F5BDB92E6}.Debug|Any CPU.ActiveCfg = Debug|Any CPU
		{9A0AE7EE-6702-420D-AB17-D71F5BDB92E6}.Debug|Any CPU.Build.0 = Debug|Any CPU
		{9A0AE7EE-6702-420D-AB17-D71F5BDB92E6}.Release|Any CPU.ActiveCfg = Release|Any CPU
		{9A0AE7EE-6702-420D-AB17-D71F5BDB92E6}.Release|Any CPU.Build.0 = Release|Any CPU
		{1A0B87DE-02F3-476C-BA2E-530A2A5FB3B5}.Debug|Any CPU.ActiveCfg = Debug|Any CPU
		{1A0B87DE-02F3-476C-BA2E-530A2A5FB3B5}.Debug|Any CPU.Build.0 = Debug|Any CPU
		{1A0B87DE-02F3-476C-BA2E-530A2A5FB3B5}.Release|Any CPU.ActiveCfg = Release|Any CPU
		{1A0B87DE-02F3-476C-BA2E-530A2A5FB3B5}.Release|Any CPU.Build.0 = Release|Any CPU
		{BD92B3C4-9901-46E2-8A47-F4D0130BFC67}.Debug|Any CPU.ActiveCfg = Debug|Any CPU
		{BD92B3C4-9901-46E2-8A47-F4D0130BFC67}.Debug|Any CPU.Build.0 = Debug|Any CPU
		{BD92B3C4-9901-46E2-8A47-F4D0130BFC67}.Release|Any CPU.ActiveCfg = Release|Any CPU
		{BD92B3C4-9901-46E2-8A47-F4D0130BFC67}.Release|Any CPU.Build.0 = Release|Any CPU
		{BE97BEC9-50D8-458E-89E3-BC0334A9DD2B}.Debug|Any CPU.ActiveCfg = Debug|Any CPU
		{BE97BEC9-50D8-458E-89E3-BC0334A9DD2B}.Debug|Any CPU.Build.0 = Debug|Any CPU
		{BE97BEC9-50D8-458E-89E3-BC0334A9DD2B}.Release|Any CPU.ActiveCfg = Release|Any CPU
		{BE97BEC9-50D8-458E-89E3-BC0334A9DD2B}.Release|Any CPU.Build.0 = Release|Any CPU
		{603C7181-B70C-4F2B-857B-2E5A25A29150}.Debug|Any CPU.ActiveCfg = Debug|Any CPU
		{603C7181-B70C-4F2B-857B-2E5A25A29150}.Debug|Any CPU.Build.0 = Debug|Any CPU
		{603C7181-B70C-4F2B-857B-2E5A25A29150}.Release|Any CPU.ActiveCfg = Release|Any CPU
		{603C7181-B70C-4F2B-857B-2E5A25A29150}.Release|Any CPU.Build.0 = Release|Any CPU
		{19781396-85B1-464A-A09E-FD9DE1502CB1}.Debug|Any CPU.ActiveCfg = Debug|Any CPU
		{19781396-85B1-464A-A09E-FD9DE1502CB1}.Debug|Any CPU.Build.0 = Debug|Any CPU
		{19781396-85B1-464A-A09E-FD9DE1502CB1}.Release|Any CPU.ActiveCfg = Release|Any CPU
		{19781396-85B1-464A-A09E-FD9DE1502CB1}.Release|Any CPU.Build.0 = Release|Any CPU
		{506EDBF8-3AED-4B51-ACE4-3D1D21D5F0EC}.Debug|Any CPU.ActiveCfg = Debug|Any CPU
		{506EDBF8-3AED-4B51-ACE4-3D1D21D5F0EC}.Debug|Any CPU.Build.0 = Debug|Any CPU
		{506EDBF8-3AED-4B51-ACE4-3D1D21D5F0EC}.Release|Any CPU.ActiveCfg = Release|Any CPU
		{506EDBF8-3AED-4B51-ACE4-3D1D21D5F0EC}.Release|Any CPU.Build.0 = Release|Any CPU
		{441A09EB-4F19-47A2-916B-CAEA25674D80}.Debug|Any CPU.ActiveCfg = Debug|Any CPU
		{441A09EB-4F19-47A2-916B-CAEA25674D80}.Debug|Any CPU.Build.0 = Debug|Any CPU
		{441A09EB-4F19-47A2-916B-CAEA25674D80}.Release|Any CPU.ActiveCfg = Release|Any CPU
		{441A09EB-4F19-47A2-916B-CAEA25674D80}.Release|Any CPU.Build.0 = Release|Any CPU
		{AC56954C-7A4D-4ECA-998E-E5A4AF7276D9}.Debug|Any CPU.ActiveCfg = Debug|Any CPU
		{AC56954C-7A4D-4ECA-998E-E5A4AF7276D9}.Debug|Any CPU.Build.0 = Debug|Any CPU
		{AC56954C-7A4D-4ECA-998E-E5A4AF7276D9}.Release|Any CPU.ActiveCfg = Release|Any CPU
		{AC56954C-7A4D-4ECA-998E-E5A4AF7276D9}.Release|Any CPU.Build.0 = Release|Any CPU
		{5E231691-617D-44F2-9759-F0BBE4C48FCA}.Debug|Any CPU.ActiveCfg = Debug|Any CPU
		{5E231691-617D-44F2-9759-F0BBE4C48FCA}.Debug|Any CPU.Build.0 = Debug|Any CPU
		{5E231691-617D-44F2-9759-F0BBE4C48FCA}.Release|Any CPU.ActiveCfg = Release|Any CPU
		{5E231691-617D-44F2-9759-F0BBE4C48FCA}.Release|Any CPU.Build.0 = Release|Any CPU
		{390EF0E8-13C4-40F6-BD7D-B4B04E87BF10}.Debug|Any CPU.ActiveCfg = Debug|Any CPU
		{390EF0E8-13C4-40F6-BD7D-B4B04E87BF10}.Debug|Any CPU.Build.0 = Debug|Any CPU
		{390EF0E8-13C4-40F6-BD7D-B4B04E87BF10}.Release|Any CPU.ActiveCfg = Release|Any CPU
		{390EF0E8-13C4-40F6-BD7D-B4B04E87BF10}.Release|Any CPU.Build.0 = Release|Any CPU
		{70AB144A-44A2-415A-B46F-4D7A5D656D42}.Debug|Any CPU.ActiveCfg = Debug|Any CPU
		{70AB144A-44A2-415A-B46F-4D7A5D656D42}.Debug|Any CPU.Build.0 = Debug|Any CPU
		{70AB144A-44A2-415A-B46F-4D7A5D656D42}.Release|Any CPU.ActiveCfg = Release|Any CPU
		{70AB144A-44A2-415A-B46F-4D7A5D656D42}.Release|Any CPU.Build.0 = Release|Any CPU
		{835CF147-2160-4E18-829C-7A7E894B656F}.Debug|Any CPU.ActiveCfg = Debug|Any CPU
		{835CF147-2160-4E18-829C-7A7E894B656F}.Debug|Any CPU.Build.0 = Debug|Any CPU
		{835CF147-2160-4E18-829C-7A7E894B656F}.Release|Any CPU.ActiveCfg = Release|Any CPU
		{835CF147-2160-4E18-829C-7A7E894B656F}.Release|Any CPU.Build.0 = Release|Any CPU
		{D41378A0-24F1-4133-A3E0-CA3BD22964D3}.Debug|Any CPU.ActiveCfg = Debug|Any CPU
		{D41378A0-24F1-4133-A3E0-CA3BD22964D3}.Debug|Any CPU.Build.0 = Debug|Any CPU
		{D41378A0-24F1-4133-A3E0-CA3BD22964D3}.Release|Any CPU.ActiveCfg = Release|Any CPU
		{D41378A0-24F1-4133-A3E0-CA3BD22964D3}.Release|Any CPU.Build.0 = Release|Any CPU
		{B5911CA1-84FA-4CF1-8380-28F0C490C47B}.Debug|Any CPU.ActiveCfg = Debug|Any CPU
		{B5911CA1-84FA-4CF1-8380-28F0C490C47B}.Debug|Any CPU.Build.0 = Debug|Any CPU
		{B5911CA1-84FA-4CF1-8380-28F0C490C47B}.Release|Any CPU.ActiveCfg = Release|Any CPU
		{B5911CA1-84FA-4CF1-8380-28F0C490C47B}.Release|Any CPU.Build.0 = Release|Any CPU
		{3C6F957D-B65B-409A-8E45-37ADB44170CD}.Debug|Any CPU.ActiveCfg = Debug|Any CPU
		{3C6F957D-B65B-409A-8E45-37ADB44170CD}.Debug|Any CPU.Build.0 = Debug|Any CPU
		{3C6F957D-B65B-409A-8E45-37ADB44170CD}.Release|Any CPU.ActiveCfg = Release|Any CPU
		{3C6F957D-B65B-409A-8E45-37ADB44170CD}.Release|Any CPU.Build.0 = Release|Any CPU
		{FEA10879-6C89-4517-9016-469BF9C9DAEB}.Debug|Any CPU.ActiveCfg = Debug|Any CPU
		{FEA10879-6C89-4517-9016-469BF9C9DAEB}.Debug|Any CPU.Build.0 = Debug|Any CPU
		{FEA10879-6C89-4517-9016-469BF9C9DAEB}.Release|Any CPU.ActiveCfg = Release|Any CPU
		{FEA10879-6C89-4517-9016-469BF9C9DAEB}.Release|Any CPU.Build.0 = Release|Any CPU
		{EEA29997-0514-4F7D-8F75-7D3779924366}.Debug|Any CPU.ActiveCfg = Debug|Any CPU
		{EEA29997-0514-4F7D-8F75-7D3779924366}.Debug|Any CPU.Build.0 = Debug|Any CPU
		{EEA29997-0514-4F7D-8F75-7D3779924366}.Release|Any CPU.ActiveCfg = Release|Any CPU
		{EEA29997-0514-4F7D-8F75-7D3779924366}.Release|Any CPU.Build.0 = Release|Any CPU
		{AA18A23D-4951-463F-ACBA-953FAF3B0467}.Debug|Any CPU.ActiveCfg = Debug|Any CPU
		{AA18A23D-4951-463F-ACBA-953FAF3B0467}.Debug|Any CPU.Build.0 = Debug|Any CPU
		{AA18A23D-4951-463F-ACBA-953FAF3B0467}.Release|Any CPU.ActiveCfg = Release|Any CPU
		{AA18A23D-4951-463F-ACBA-953FAF3B0467}.Release|Any CPU.Build.0 = Release|Any CPU
		{EFA7D21E-9DA2-46B0-A8E8-88ACDF7E5459}.Debug|Any CPU.ActiveCfg = Debug|Any CPU
		{EFA7D21E-9DA2-46B0-A8E8-88ACDF7E5459}.Debug|Any CPU.Build.0 = Debug|Any CPU
		{EFA7D21E-9DA2-46B0-A8E8-88ACDF7E5459}.Release|Any CPU.ActiveCfg = Release|Any CPU
		{EFA7D21E-9DA2-46B0-A8E8-88ACDF7E5459}.Release|Any CPU.Build.0 = Release|Any CPU
		{345AFFA6-5198-4B3E-8E47-17D2F49C9BC4}.Debug|Any CPU.ActiveCfg = Debug|Any CPU
		{345AFFA6-5198-4B3E-8E47-17D2F49C9BC4}.Debug|Any CPU.Build.0 = Debug|Any CPU
		{345AFFA6-5198-4B3E-8E47-17D2F49C9BC4}.Release|Any CPU.ActiveCfg = Release|Any CPU
		{345AFFA6-5198-4B3E-8E47-17D2F49C9BC4}.Release|Any CPU.Build.0 = Release|Any CPU
	EndGlobalSection
EndGlobal
