Microsoft Visual Studio Solution File, Format Version 12.00
# Visual Studio Version 17
VisualStudioVersion = 17.0.31903.59
MinimumVisualStudioVersion = 10.0.40219.1
Project("{2150E333-8FDC-42A3-9474-1A3956D46DE8}") = "Transfer", "Transfer", "{3CA639F3-7ED7-45C2-ADCE-D46CF38FDB68}"
EndProject
Project("{2150E333-8FDC-42A3-9474-1A3956D46DE8}") = "Transfer.API", "Transfer.API", "{D9183A99-EA55-48D4-8D98-83B10EF83C58}"
EndProject
Project("{9A19103F-16F7-4668-BE54-9A1E7A4F7556}") = "API", "transfer\Transfer.API\API\API.csproj", "{78A796C7-37DF-4800-B9B1-B2FEC61E1F67}"
EndProject
Project("{9A19103F-16F7-4668-BE54-9A1E7A4F7556}") = "API.IntegrationTests", "transfer\Transfer.API\API.IntegrationTests\API.IntegrationTests.csproj", "{B62AC9CF-FCDE-4641-9939-6F73B3B58AA9}"
EndProject
Project("{9A19103F-16F7-4668-BE54-9A1E7A4F7556}") = "API.UnitTests", "transfer\Transfer.API\API.UnitTests\API.UnitTests.csproj", "{26CC814F-6FEA-4F44-91B8-4CF2095011C4}"
EndProject
Project("{2150E333-8FDC-42A3-9474-1A3956D46DE8}") = "ClaimAutomation", "ClaimAutomation", "{49BD2ADB-B27F-477B-BC18-B60554A413B8}"
EndProject
Project("{9A19103F-16F7-4668-BE54-9A1E7A4F7556}") = "Worker", "transfer\ClaimAutomation\Worker\Worker.csproj", "{467DE8C9-F1E6-41DE-8E62-BE6FB6A66AA6}"
EndProject
Project("{9A19103F-16F7-4668-BE54-9A1E7A4F7556}") = "Worker.UnitTests", "transfer\ClaimAutomation\Worker.UnitTests\Worker.UnitTests.csproj", "{F3175580-658B-4228-B485-7240759C6933}"
EndProject
Project("{2150E333-8FDC-42A3-9474-1A3956D46DE8}") = "TransferAgreementAutomation", "TransferAgreementAutomation", "{8BA075E4-5C7B-433B-93CF-5868AAF49540}"
EndProject
Project("{9A19103F-16F7-4668-BE54-9A1E7A4F7556}") = "Worker", "transfer\TransferAgreementAutomation\Worker\Worker.csproj", "{BED98EEC-37E9-4D61-AB9E-EB8D1CDFACCA}"
EndProject
Project("{9A19103F-16F7-4668-BE54-9A1E7A4F7556}") = "Worker.IntegrationTests", "transfer\TransferAgreementAutomation\Worker.IntegrationTests\Worker.IntegrationTests.csproj", "{6D5C5800-2CC4-49DB-8F2E-76B0C0F1D543}"
EndProject
Project("{9A19103F-16F7-4668-BE54-9A1E7A4F7556}") = "Worker.UnitTests", "transfer\TransferAgreementAutomation\Worker.UnitTests\Worker.UnitTests.csproj", "{5035BF50-E8DE-48A6-9067-9072B4AC33AF}"
EndProject
Project("{2150E333-8FDC-42A3-9474-1A3956D46DE8}") = "Measurements", "Measurements", "{B3A4CAD0-DCBB-4A5A-86A1-8628BF42F0A6}"
EndProject
Project("{2150E333-8FDC-42A3-9474-1A3956D46DE8}") = "Measurements.API", "Measurements.API", "{E391BD37-5309-44AE-93AB-C6157037B4BD}"
EndProject
Project("{9A19103F-16F7-4668-BE54-9A1E7A4F7556}") = "API", "measurements\Measurements.API\API\API.csproj", "{B00D16F8-E007-44A8-B531-175AFF6E7C9C}"
EndProject
Project("{2150E333-8FDC-42A3-9474-1A3956D46DE8}") = "Certificates", "Certificates", "{09A18844-7B8E-4AFB-B24A-CB8F32FD931D}"
EndProject
Project("{2150E333-8FDC-42A3-9474-1A3956D46DE8}") = "Query.API", "Query.API", "{1A5FEEB2-69B8-4793-A47B-53F3E7E7AB0C}"
EndProject
Project("{9A19103F-16F7-4668-BE54-9A1E7A4F7556}") = "API", "certificates\Query.API\API\API.csproj", "{93D65F1E-D33E-4E07-99A3-72764E3C5866}"
EndProject
Project("{9A19103F-16F7-4668-BE54-9A1E7A4F7556}") = "API.IntegrationTests", "certificates\Query.API\API.IntegrationTests\API.IntegrationTests.csproj", "{D7D503D8-A855-454F-B2B9-BC463EBFE2FF}"
EndProject
Project("{9A19103F-16F7-4668-BE54-9A1E7A4F7556}") = "API.UnitTests", "certificates\Query.API\API.UnitTests\API.UnitTests.csproj", "{B10F90AD-A1ED-40AC-B5D5-DE20CF1CB1C4}"
EndProject
Project("{2150E333-8FDC-42A3-9474-1A3956D46DE8}") = "Shared", "Shared", "{85E7FC1C-E130-4834-99A6-0AC158AE3488}"
EndProject
Project("{9A19103F-16F7-4668-BE54-9A1E7A4F7556}") = "Contracts", "certificates\Shared\Contracts\Contracts.csproj", "{79D51B1A-7324-4D75-818F-FA87963E5DC4}"
EndProject
Project("{9A19103F-16F7-4668-BE54-9A1E7A4F7556}") = "DataContext", "certificates\Shared\DataContext\DataContext.csproj", "{2940B9BA-B1D7-42CB-A503-7E38177ABE3C}"
EndProject
Project("{9A19103F-16F7-4668-BE54-9A1E7A4F7556}") = "ProjectOriginClients", "certificates\Shared\ProjectOriginClients\ProjectOriginClients.csproj", "{679AF118-DDBF-4C55-A2DB-818051841A39}"
EndProject
Project("{2150E333-8FDC-42A3-9474-1A3956D46DE8}") = "Shared", "Shared", "{EA9CDD3C-206F-41C6-A140-9D0D8E4C2B90}"
EndProject
Project("{9A19103F-16F7-4668-BE54-9A1E7A4F7556}") = "DataContext", "transfer\Shared\DataContext\DataContext.csproj", "{3E2F22EF-E7A6-4D98-AFD1-A8C5717ACC67}"
EndProject
Project("{9A19103F-16F7-4668-BE54-9A1E7A4F7556}") = "Tests", "measurements\Measurements.API\Tests\Tests.csproj", "{9A0AE7EE-6702-420D-AB17-D71F5BDB92E6}"
EndProject
Project("{2150E333-8FDC-42A3-9474-1A3956D46DE8}") = "Authorization", "Authorization", "{A1DEC947-8F98-49E1-B6CA-17B16E0F7FB2}"
EndProject
Project("{2150E333-8FDC-42A3-9474-1A3956D46DE8}") = "Authorization.API", "Authorization.API", "{17540905-0C07-482A-9B02-4893039E8AC6}"
EndProject
Project("{2150E333-8FDC-42A3-9474-1A3956D46DE8}") = "Proxy", "Proxy", "{1BDC7049-1EE8-4891-8D0D-E2F46B4856AB}"
EndProject
Project("{2150E333-8FDC-42A3-9474-1A3956D46DE8}") = "Shared", "Shared", "{0702F3DC-524D-48C3-8AF7-3430B70FA794}"
EndProject
Project("{9A19103F-16F7-4668-BE54-9A1E7A4F7556}") = "Testing", "authorization\Testing\Testing.csproj", "{1A0B87DE-02F3-476C-BA2E-530A2A5FB3B5}"
EndProject
Project("{9A19103F-16F7-4668-BE54-9A1E7A4F7556}") = "Proxy", "authorization\Proxy\Proxy.csproj", "{BD92B3C4-9901-46E2-8A47-F4D0130BFC67}"
EndProject
Project("{9A19103F-16F7-4668-BE54-9A1E7A4F7556}") = "Proxy.IntegrationTests", "authorization\Proxy.IntegrationTests\Proxy.IntegrationTests.csproj", "{BE97BEC9-50D8-458E-89E3-BC0334A9DD2B}"
EndProject
Project("{9A19103F-16F7-4668-BE54-9A1E7A4F7556}") = "API", "authorization\Authorization.API\API\API.csproj", "{603C7181-B70C-4F2B-857B-2E5A25A29150}"
EndProject
Project("{9A19103F-16F7-4668-BE54-9A1E7A4F7556}") = "API.IntegrationTests", "authorization\Authorization.API\API.IntegrationTests\API.IntegrationTests\API.IntegrationTests.csproj", "{19781396-85B1-464A-A09E-FD9DE1502CB1}"
EndProject
Project("{9A19103F-16F7-4668-BE54-9A1E7A4F7556}") = "API.UnitTests", "authorization\Authorization.API\API.UnitTests\API.UnitTests\API.UnitTests.csproj", "{506EDBF8-3AED-4B51-ACE4-3D1D21D5F0EC}"
EndProject
Project("{2150E333-8FDC-42A3-9474-1A3956D46DE8}") = "OIDCMock", "OIDCMock", "{0D4C969B-C623-46E4-9B51-AB3E4D8D7023}"
EndProject
Project("{2150E333-8FDC-42A3-9474-1A3956D46DE8}") = "OIDCMock.API", "OIDCMock.API", "{F21B5A4B-6102-420B-919C-55EF6C580A02}"
EndProject
Project("{9A19103F-16F7-4668-BE54-9A1E7A4F7556}") = "Oidc.Mock", "oidc-mock\API\Mock\Oidc.Mock.csproj", "{390EF0E8-13C4-40F6-BD7D-B4B04E87BF10}"
EndProject
Project("{9A19103F-16F7-4668-BE54-9A1E7A4F7556}") = "Tests", "oidc-mock\API\Tests\Tests.csproj", "{70AB144A-44A2-415A-B46F-4D7A5D656D42}"
EndProject
Project("{2150E333-8FDC-42A3-9474-1A3956D46DE8}") = "Libraries", "Libraries", "{3C383CE9-DC5A-4392-9B48-6B41AFA95EE1}"
EndProject
Project("{2150E333-8FDC-42A3-9474-1A3956D46DE8}") = "ActivityLog", "ActivityLog", "{73494261-A8B1-4D7A-A84F-37EF06D18118}"
EndProject
Project("{9A19103F-16F7-4668-BE54-9A1E7A4F7556}") = "EnergyOrigin.ActivityLog", "libraries\EnergyOrigin.ActivityLog\EnergyOrigin.ActivityLog\EnergyOrigin.ActivityLog.csproj", "{835CF147-2160-4E18-829C-7A7E894B656F}"
EndProject
Project("{9A19103F-16F7-4668-BE54-9A1E7A4F7556}") = "EnergyOrigin.ActivityLog.Unit.Tests", "libraries\EnergyOrigin.ActivityLog\EnergyOrigin.ActivityLog.Unit.Tests\EnergyOrigin.ActivityLog.Unit.Tests.csproj", "{D41378A0-24F1-4133-A3E0-CA3BD22964D3}"
EndProject
Project("{2150E333-8FDC-42A3-9474-1A3956D46DE8}") = "IntegrationEvents", "IntegrationEvents", "{48F1EB08-5739-4E22-96BD-ACC271D568F0}"
EndProject
Project("{9A19103F-16F7-4668-BE54-9A1E7A4F7556}") = "EnergyOrigin.IntegrationEvents", "libraries\EnergyOrigin.IntegrationEvents\EnergyOrigin.IntegrationEvents\EnergyOrigin.IntegrationEvents.csproj", "{B5911CA1-84FA-4CF1-8380-28F0C490C47B}"
EndProject
Project("{9A19103F-16F7-4668-BE54-9A1E7A4F7556}") = "EnergyOrigin.IntegrationEvents.Tests", "libraries\EnergyOrigin.IntegrationEvents\EnergyOrigin.IntegrationEvents.Tests\EnergyOrigin.IntegrationEvents.Tests.csproj", "{3C6F957D-B65B-409A-8E45-37ADB44170CD}"
EndProject
Project("{2150E333-8FDC-42A3-9474-1A3956D46DE8}") = "Setup", "Setup", "{DAB75AF1-1F0A-4371-ABD6-D1192EEE812D}"
EndProject
Project("{9A19103F-16F7-4668-BE54-9A1E7A4F7556}") = "EnergyOrigin.Setup", "libraries\EnergyOrigin.Setup\EnergyOrigin.Setup\EnergyOrigin.Setup.csproj", "{FEA10879-6C89-4517-9016-469BF9C9DAEB}"
EndProject
Project("{9A19103F-16F7-4668-BE54-9A1E7A4F7556}") = "EnergyOrigin.Setup.Tests", "libraries\EnergyOrigin.Setup\EnergyOrigin.Setup.Tests\EnergyOrigin.Setup.Tests.csproj", "{EEA29997-0514-4F7D-8F75-7D3779924366}"
EndProject
Project("{2150E333-8FDC-42A3-9474-1A3956D46DE8}") = "TokenValidation", "TokenValidation", "{5143CB46-2F28-4C63-911A-837B6B5689A3}"
EndProject
Project("{9A19103F-16F7-4668-BE54-9A1E7A4F7556}") = "EnergyOrigin.TokenValidation", "libraries\EnergyOrigin.TokenValidation\EnergyOrigin.TokenValidation\EnergyOrigin.TokenValidation.csproj", "{AA18A23D-4951-463F-ACBA-953FAF3B0467}"
EndProject
Project("{9A19103F-16F7-4668-BE54-9A1E7A4F7556}") = "EnergyOrigin.TokenValidation.Unit.Tests", "libraries\EnergyOrigin.TokenValidation\EnergyOrigin.TokenValidation.Unit.Tests\EnergyOrigin.TokenValidation.Unit.Tests.csproj", "{EFA7D21E-9DA2-46B0-A8E8-88ACDF7E5459}"
EndProject
Project("{2150E333-8FDC-42A3-9474-1A3956D46DE8}") = "Testing", "Testing", "{8C93BA05-8438-492E-AD6C-04263D6D77AD}"
EndProject
Project("{9A19103F-16F7-4668-BE54-9A1E7A4F7556}") = "EnergyTrackAndTrace.Testing", "libraries\EnergyTrackAndTrace.Testing\EnergyTrackAndTrace.Testing.csproj", "{44ADA49D-95C5-427C-9826-7B99581BFE6B}"
EndProject
Project("{9A19103F-16F7-4668-BE54-9A1E7A4F7556}") = "Testing", "transfer\Shared\Testing\Testing.csproj", "{41E98E7E-20DE-4636-9133-BDCE13C8A79F}"
EndProject
Project("{FAE04EC0-301F-11D3-BF4B-00C04F79EFBC}") = "Worker.IntegrationTests", "transfer\ClaimAutomation\Worker.IntegrationTests\Worker.IntegrationTests.csproj", "{D46B5557-27F1-4228-847A-9C964C92A7D4}"
EndProject
Project("{2150E333-8FDC-42A3-9474-1A3956D46DE8}") = "Domain", "Domain", "{F4432ADE-7BF3-448A-ADA5-95729E3911D5}"
EndProject
Project("{FAE04EC0-301F-11D3-BF4B-00C04F79EFBC}") = "EnergyOrigin.Domain.ValueObjects", "libraries\EnergyOrigin.Domain\EnergyOrigin.Domain.ValueObjects\EnergyOrigin.Domain.ValueObjects.csproj", "{0DB71A10-3B7C-45D6-8314-07551375870B}"
EndProject
Project("{FAE04EC0-301F-11D3-BF4B-00C04F79EFBC}") = "EnergyOrigin.Domain.ValueObjects.Tests", "libraries\EnergyOrigin.Domain\EnergyOrigin.Domain.ValueObjects.Tests\EnergyOrigin.Domain.ValueObjects.Tests.csproj", "{8CB40444-41ED-4719-B24A-49AB747D905F}"
EndProject
Project("{2150E333-8FDC-42A3-9474-1A3956D46DE8}") = "ProjectOrigin", "ProjectOrigin", "{9CBAB219-ABEE-4E99-9DC6-ADBC20DE2E9E}"
EndProject
Project("{FAE04EC0-301F-11D3-BF4B-00C04F79EFBC}") = "EnergyOrigin.WalletClient.Tests", "libraries\ProjectOrigin\EnergyOrigin.WalletClient.Tests\EnergyOrigin.WalletClient.Tests.csproj", "{C5FC5D3F-C579-4EAB-8942-2B4C5042CC81}"
EndProject
Project("{FAE04EC0-301F-11D3-BF4B-00C04F79EFBC}") = "EnergyOrigin.WalletClient", "libraries\ProjectOrigin\EnergyOrigin.WalletClient\EnergyOrigin.WalletClient.csproj", "{C3C607A9-7E88-467E-A6EF-165D29237E3F}"
EndProject
Project("{2150E333-8FDC-42A3-9474-1A3956D46DE8}") = "AdminPortal", "AdminPortal", "{ACBE9E96-1F65-404D-9D00-6CF45E75C796}"
EndProject
Project("{FAE04EC0-301F-11D3-BF4B-00C04F79EFBC}") = "AdminPortal", "admin-portal\AdminPortal.Web\AdminPortal\AdminPortal.csproj", "{49BA2D2D-8ED3-4DCD-BF15-48D11B31E0B6}"
EndProject
Project("{FAE04EC0-301F-11D3-BF4B-00C04F79EFBC}") = "AdminPortal.Tests", "admin-portal\AdminPortal.Web\AdminPortal.Tests\AdminPortal.Tests.csproj", "{08BD12F8-FF04-4732-A86F-4DA4C765C23D}"
EndProject
Project("{2150E333-8FDC-42A3-9474-1A3956D46DE8}") = "AdminPortal.Web", "AdminPortal.Web", "{C4E329B3-2E05-440B-B185-92CDB3B68110}"
EndProject
Project("{2150E333-8FDC-42A3-9474-1A3956D46DE8}") = "DataHub", "DataHub", "{02EA681E-C7D8-13C7-8484-4AC65E1B71E8}"
EndProject
Project("{FAE04EC0-301F-11D3-BF4B-00C04F79EFBC}") = "EnergyOrigin.DatahubFacade", "libraries\EnergyOrigin.DatahubFacade\EnergyOrigin.DatahubFacade\EnergyOrigin.DatahubFacade.csproj", "{22C2B421-25C4-1CFB-77F8-1B06FA5C8E02}"
EndProject
Project("{FAE04EC0-301F-11D3-BF4B-00C04F79EFBC}") = "EnergyOrigin.DatahubFacade.Tests", "libraries\EnergyOrigin.DatahubFacade\EnergyOrigin.DatahubFacade.Tests\EnergyOrigin.DatahubFacade.Tests.csproj", "{565FE3A8-D5D4-E4FE-99CD-72280E440DB4}"
EndProject
Project("{FAE04EC0-301F-11D3-BF4B-00C04F79EFBC}") = "EnergyOrigin.Datahub3", "libraries\EnergyOrigin.Datahub3\EnergyOrigin.Datahub3\EnergyOrigin.Datahub3.csproj", "{F3FFC9D2-36E8-EB43-2149-3A9084B6CDCE}"
EndProject
Project("{2150E333-8FDC-42A3-9474-1A3956D46DE8}") = "html-pdf-generator", "html-pdf-generator", "{9E2C6C04-0CBD-4867-88F8-408507FF873C}"
EndProject
Project("{FAE04EC0-301F-11D3-BF4B-00C04F79EFBC}") = "HtmlPdfGenerator.API", "html-pdf-generator\HtmlPdfGenerator.API\HtmlPdfGenerator.API.csproj", "{BAB69EB5-12D3-4F0F-97C7-56A2B8A011D1}"
EndProject
Project("{FAE04EC0-301F-11D3-BF4B-00C04F79EFBC}") = "HtmlPdfGenerator.IntegrationTests", "html-pdf-generator\HtmlPdfGenerator.IntegrationTests\HtmlPdfGenerator.IntegrationTests.csproj", "{47CAB74E-558B-40A3-A80A-7BFDD9277888}"
EndProject
Global
	GlobalSection(SolutionConfigurationPlatforms) = preSolution
		Debug|Any CPU = Debug|Any CPU
		Release|Any CPU = Release|Any CPU
	EndGlobalSection
	GlobalSection(ProjectConfigurationPlatforms) = postSolution
		{78A796C7-37DF-4800-B9B1-B2FEC61E1F67}.Debug|Any CPU.ActiveCfg = Debug|Any CPU
		{78A796C7-37DF-4800-B9B1-B2FEC61E1F67}.Debug|Any CPU.Build.0 = Debug|Any CPU
		{78A796C7-37DF-4800-B9B1-B2FEC61E1F67}.Release|Any CPU.ActiveCfg = Release|Any CPU
		{78A796C7-37DF-4800-B9B1-B2FEC61E1F67}.Release|Any CPU.Build.0 = Release|Any CPU
		{B62AC9CF-FCDE-4641-9939-6F73B3B58AA9}.Debug|Any CPU.ActiveCfg = Debug|Any CPU
		{B62AC9CF-FCDE-4641-9939-6F73B3B58AA9}.Debug|Any CPU.Build.0 = Debug|Any CPU
		{B62AC9CF-FCDE-4641-9939-6F73B3B58AA9}.Release|Any CPU.ActiveCfg = Release|Any CPU
		{B62AC9CF-FCDE-4641-9939-6F73B3B58AA9}.Release|Any CPU.Build.0 = Release|Any CPU
		{26CC814F-6FEA-4F44-91B8-4CF2095011C4}.Debug|Any CPU.ActiveCfg = Debug|Any CPU
		{26CC814F-6FEA-4F44-91B8-4CF2095011C4}.Debug|Any CPU.Build.0 = Debug|Any CPU
		{26CC814F-6FEA-4F44-91B8-4CF2095011C4}.Release|Any CPU.ActiveCfg = Release|Any CPU
		{26CC814F-6FEA-4F44-91B8-4CF2095011C4}.Release|Any CPU.Build.0 = Release|Any CPU
		{467DE8C9-F1E6-41DE-8E62-BE6FB6A66AA6}.Debug|Any CPU.ActiveCfg = Debug|Any CPU
		{467DE8C9-F1E6-41DE-8E62-BE6FB6A66AA6}.Debug|Any CPU.Build.0 = Debug|Any CPU
		{467DE8C9-F1E6-41DE-8E62-BE6FB6A66AA6}.Release|Any CPU.ActiveCfg = Release|Any CPU
		{467DE8C9-F1E6-41DE-8E62-BE6FB6A66AA6}.Release|Any CPU.Build.0 = Release|Any CPU
		{F3175580-658B-4228-B485-7240759C6933}.Debug|Any CPU.ActiveCfg = Debug|Any CPU
		{F3175580-658B-4228-B485-7240759C6933}.Debug|Any CPU.Build.0 = Debug|Any CPU
		{F3175580-658B-4228-B485-7240759C6933}.Release|Any CPU.ActiveCfg = Release|Any CPU
		{F3175580-658B-4228-B485-7240759C6933}.Release|Any CPU.Build.0 = Release|Any CPU
		{BED98EEC-37E9-4D61-AB9E-EB8D1CDFACCA}.Debug|Any CPU.ActiveCfg = Debug|Any CPU
		{BED98EEC-37E9-4D61-AB9E-EB8D1CDFACCA}.Debug|Any CPU.Build.0 = Debug|Any CPU
		{BED98EEC-37E9-4D61-AB9E-EB8D1CDFACCA}.Release|Any CPU.ActiveCfg = Release|Any CPU
		{BED98EEC-37E9-4D61-AB9E-EB8D1CDFACCA}.Release|Any CPU.Build.0 = Release|Any CPU
		{6D5C5800-2CC4-49DB-8F2E-76B0C0F1D543}.Debug|Any CPU.ActiveCfg = Debug|Any CPU
		{6D5C5800-2CC4-49DB-8F2E-76B0C0F1D543}.Debug|Any CPU.Build.0 = Debug|Any CPU
		{6D5C5800-2CC4-49DB-8F2E-76B0C0F1D543}.Release|Any CPU.ActiveCfg = Release|Any CPU
		{6D5C5800-2CC4-49DB-8F2E-76B0C0F1D543}.Release|Any CPU.Build.0 = Release|Any CPU
		{5035BF50-E8DE-48A6-9067-9072B4AC33AF}.Debug|Any CPU.ActiveCfg = Debug|Any CPU
		{5035BF50-E8DE-48A6-9067-9072B4AC33AF}.Debug|Any CPU.Build.0 = Debug|Any CPU
		{5035BF50-E8DE-48A6-9067-9072B4AC33AF}.Release|Any CPU.ActiveCfg = Release|Any CPU
		{5035BF50-E8DE-48A6-9067-9072B4AC33AF}.Release|Any CPU.Build.0 = Release|Any CPU
		{B00D16F8-E007-44A8-B531-175AFF6E7C9C}.Debug|Any CPU.ActiveCfg = Debug|Any CPU
		{B00D16F8-E007-44A8-B531-175AFF6E7C9C}.Debug|Any CPU.Build.0 = Debug|Any CPU
		{B00D16F8-E007-44A8-B531-175AFF6E7C9C}.Release|Any CPU.ActiveCfg = Release|Any CPU
		{B00D16F8-E007-44A8-B531-175AFF6E7C9C}.Release|Any CPU.Build.0 = Release|Any CPU
		{93D65F1E-D33E-4E07-99A3-72764E3C5866}.Debug|Any CPU.ActiveCfg = Debug|Any CPU
		{93D65F1E-D33E-4E07-99A3-72764E3C5866}.Debug|Any CPU.Build.0 = Debug|Any CPU
		{93D65F1E-D33E-4E07-99A3-72764E3C5866}.Release|Any CPU.ActiveCfg = Release|Any CPU
		{93D65F1E-D33E-4E07-99A3-72764E3C5866}.Release|Any CPU.Build.0 = Release|Any CPU
		{D7D503D8-A855-454F-B2B9-BC463EBFE2FF}.Debug|Any CPU.ActiveCfg = Debug|Any CPU
		{D7D503D8-A855-454F-B2B9-BC463EBFE2FF}.Debug|Any CPU.Build.0 = Debug|Any CPU
		{D7D503D8-A855-454F-B2B9-BC463EBFE2FF}.Release|Any CPU.ActiveCfg = Release|Any CPU
		{D7D503D8-A855-454F-B2B9-BC463EBFE2FF}.Release|Any CPU.Build.0 = Release|Any CPU
		{B10F90AD-A1ED-40AC-B5D5-DE20CF1CB1C4}.Debug|Any CPU.ActiveCfg = Debug|Any CPU
		{B10F90AD-A1ED-40AC-B5D5-DE20CF1CB1C4}.Debug|Any CPU.Build.0 = Debug|Any CPU
		{B10F90AD-A1ED-40AC-B5D5-DE20CF1CB1C4}.Release|Any CPU.ActiveCfg = Release|Any CPU
		{B10F90AD-A1ED-40AC-B5D5-DE20CF1CB1C4}.Release|Any CPU.Build.0 = Release|Any CPU
		{79D51B1A-7324-4D75-818F-FA87963E5DC4}.Debug|Any CPU.ActiveCfg = Debug|Any CPU
		{79D51B1A-7324-4D75-818F-FA87963E5DC4}.Debug|Any CPU.Build.0 = Debug|Any CPU
		{79D51B1A-7324-4D75-818F-FA87963E5DC4}.Release|Any CPU.ActiveCfg = Release|Any CPU
		{79D51B1A-7324-4D75-818F-FA87963E5DC4}.Release|Any CPU.Build.0 = Release|Any CPU
		{2940B9BA-B1D7-42CB-A503-7E38177ABE3C}.Debug|Any CPU.ActiveCfg = Debug|Any CPU
		{2940B9BA-B1D7-42CB-A503-7E38177ABE3C}.Debug|Any CPU.Build.0 = Debug|Any CPU
		{2940B9BA-B1D7-42CB-A503-7E38177ABE3C}.Release|Any CPU.ActiveCfg = Release|Any CPU
		{2940B9BA-B1D7-42CB-A503-7E38177ABE3C}.Release|Any CPU.Build.0 = Release|Any CPU
		{679AF118-DDBF-4C55-A2DB-818051841A39}.Debug|Any CPU.ActiveCfg = Debug|Any CPU
		{679AF118-DDBF-4C55-A2DB-818051841A39}.Debug|Any CPU.Build.0 = Debug|Any CPU
		{679AF118-DDBF-4C55-A2DB-818051841A39}.Release|Any CPU.ActiveCfg = Release|Any CPU
		{679AF118-DDBF-4C55-A2DB-818051841A39}.Release|Any CPU.Build.0 = Release|Any CPU
		{3E2F22EF-E7A6-4D98-AFD1-A8C5717ACC67}.Debug|Any CPU.ActiveCfg = Debug|Any CPU
		{3E2F22EF-E7A6-4D98-AFD1-A8C5717ACC67}.Debug|Any CPU.Build.0 = Debug|Any CPU
		{3E2F22EF-E7A6-4D98-AFD1-A8C5717ACC67}.Release|Any CPU.ActiveCfg = Release|Any CPU
		{3E2F22EF-E7A6-4D98-AFD1-A8C5717ACC67}.Release|Any CPU.Build.0 = Release|Any CPU
		{9A0AE7EE-6702-420D-AB17-D71F5BDB92E6}.Debug|Any CPU.ActiveCfg = Debug|Any CPU
		{9A0AE7EE-6702-420D-AB17-D71F5BDB92E6}.Debug|Any CPU.Build.0 = Debug|Any CPU
		{9A0AE7EE-6702-420D-AB17-D71F5BDB92E6}.Release|Any CPU.ActiveCfg = Release|Any CPU
		{9A0AE7EE-6702-420D-AB17-D71F5BDB92E6}.Release|Any CPU.Build.0 = Release|Any CPU
		{1A0B87DE-02F3-476C-BA2E-530A2A5FB3B5}.Debug|Any CPU.ActiveCfg = Debug|Any CPU
		{1A0B87DE-02F3-476C-BA2E-530A2A5FB3B5}.Debug|Any CPU.Build.0 = Debug|Any CPU
		{1A0B87DE-02F3-476C-BA2E-530A2A5FB3B5}.Release|Any CPU.ActiveCfg = Release|Any CPU
		{1A0B87DE-02F3-476C-BA2E-530A2A5FB3B5}.Release|Any CPU.Build.0 = Release|Any CPU
		{BD92B3C4-9901-46E2-8A47-F4D0130BFC67}.Debug|Any CPU.ActiveCfg = Debug|Any CPU
		{BD92B3C4-9901-46E2-8A47-F4D0130BFC67}.Debug|Any CPU.Build.0 = Debug|Any CPU
		{BD92B3C4-9901-46E2-8A47-F4D0130BFC67}.Release|Any CPU.ActiveCfg = Release|Any CPU
		{BD92B3C4-9901-46E2-8A47-F4D0130BFC67}.Release|Any CPU.Build.0 = Release|Any CPU
		{BE97BEC9-50D8-458E-89E3-BC0334A9DD2B}.Debug|Any CPU.ActiveCfg = Debug|Any CPU
		{BE97BEC9-50D8-458E-89E3-BC0334A9DD2B}.Debug|Any CPU.Build.0 = Debug|Any CPU
		{BE97BEC9-50D8-458E-89E3-BC0334A9DD2B}.Release|Any CPU.ActiveCfg = Release|Any CPU
		{BE97BEC9-50D8-458E-89E3-BC0334A9DD2B}.Release|Any CPU.Build.0 = Release|Any CPU
		{603C7181-B70C-4F2B-857B-2E5A25A29150}.Debug|Any CPU.ActiveCfg = Debug|Any CPU
		{603C7181-B70C-4F2B-857B-2E5A25A29150}.Debug|Any CPU.Build.0 = Debug|Any CPU
		{603C7181-B70C-4F2B-857B-2E5A25A29150}.Release|Any CPU.ActiveCfg = Release|Any CPU
		{603C7181-B70C-4F2B-857B-2E5A25A29150}.Release|Any CPU.Build.0 = Release|Any CPU
		{19781396-85B1-464A-A09E-FD9DE1502CB1}.Debug|Any CPU.ActiveCfg = Debug|Any CPU
		{19781396-85B1-464A-A09E-FD9DE1502CB1}.Debug|Any CPU.Build.0 = Debug|Any CPU
		{19781396-85B1-464A-A09E-FD9DE1502CB1}.Release|Any CPU.ActiveCfg = Release|Any CPU
		{19781396-85B1-464A-A09E-FD9DE1502CB1}.Release|Any CPU.Build.0 = Release|Any CPU
		{506EDBF8-3AED-4B51-ACE4-3D1D21D5F0EC}.Debug|Any CPU.ActiveCfg = Debug|Any CPU
		{506EDBF8-3AED-4B51-ACE4-3D1D21D5F0EC}.Debug|Any CPU.Build.0 = Debug|Any CPU
		{506EDBF8-3AED-4B51-ACE4-3D1D21D5F0EC}.Release|Any CPU.ActiveCfg = Release|Any CPU
		{506EDBF8-3AED-4B51-ACE4-3D1D21D5F0EC}.Release|Any CPU.Build.0 = Release|Any CPU
		{390EF0E8-13C4-40F6-BD7D-B4B04E87BF10}.Debug|Any CPU.ActiveCfg = Debug|Any CPU
		{390EF0E8-13C4-40F6-BD7D-B4B04E87BF10}.Debug|Any CPU.Build.0 = Debug|Any CPU
		{390EF0E8-13C4-40F6-BD7D-B4B04E87BF10}.Release|Any CPU.ActiveCfg = Release|Any CPU
		{390EF0E8-13C4-40F6-BD7D-B4B04E87BF10}.Release|Any CPU.Build.0 = Release|Any CPU
		{70AB144A-44A2-415A-B46F-4D7A5D656D42}.Debug|Any CPU.ActiveCfg = Debug|Any CPU
		{70AB144A-44A2-415A-B46F-4D7A5D656D42}.Debug|Any CPU.Build.0 = Debug|Any CPU
		{70AB144A-44A2-415A-B46F-4D7A5D656D42}.Release|Any CPU.ActiveCfg = Release|Any CPU
		{70AB144A-44A2-415A-B46F-4D7A5D656D42}.Release|Any CPU.Build.0 = Release|Any CPU
		{835CF147-2160-4E18-829C-7A7E894B656F}.Debug|Any CPU.ActiveCfg = Debug|Any CPU
		{835CF147-2160-4E18-829C-7A7E894B656F}.Debug|Any CPU.Build.0 = Debug|Any CPU
		{835CF147-2160-4E18-829C-7A7E894B656F}.Release|Any CPU.ActiveCfg = Release|Any CPU
		{835CF147-2160-4E18-829C-7A7E894B656F}.Release|Any CPU.Build.0 = Release|Any CPU
		{D41378A0-24F1-4133-A3E0-CA3BD22964D3}.Debug|Any CPU.ActiveCfg = Debug|Any CPU
		{D41378A0-24F1-4133-A3E0-CA3BD22964D3}.Debug|Any CPU.Build.0 = Debug|Any CPU
		{D41378A0-24F1-4133-A3E0-CA3BD22964D3}.Release|Any CPU.ActiveCfg = Release|Any CPU
		{D41378A0-24F1-4133-A3E0-CA3BD22964D3}.Release|Any CPU.Build.0 = Release|Any CPU
		{B5911CA1-84FA-4CF1-8380-28F0C490C47B}.Debug|Any CPU.ActiveCfg = Debug|Any CPU
		{B5911CA1-84FA-4CF1-8380-28F0C490C47B}.Debug|Any CPU.Build.0 = Debug|Any CPU
		{B5911CA1-84FA-4CF1-8380-28F0C490C47B}.Release|Any CPU.ActiveCfg = Release|Any CPU
		{B5911CA1-84FA-4CF1-8380-28F0C490C47B}.Release|Any CPU.Build.0 = Release|Any CPU
		{3C6F957D-B65B-409A-8E45-37ADB44170CD}.Debug|Any CPU.ActiveCfg = Debug|Any CPU
		{3C6F957D-B65B-409A-8E45-37ADB44170CD}.Debug|Any CPU.Build.0 = Debug|Any CPU
		{3C6F957D-B65B-409A-8E45-37ADB44170CD}.Release|Any CPU.ActiveCfg = Release|Any CPU
		{3C6F957D-B65B-409A-8E45-37ADB44170CD}.Release|Any CPU.Build.0 = Release|Any CPU
		{FEA10879-6C89-4517-9016-469BF9C9DAEB}.Debug|Any CPU.ActiveCfg = Debug|Any CPU
		{FEA10879-6C89-4517-9016-469BF9C9DAEB}.Debug|Any CPU.Build.0 = Debug|Any CPU
		{FEA10879-6C89-4517-9016-469BF9C9DAEB}.Release|Any CPU.ActiveCfg = Release|Any CPU
		{FEA10879-6C89-4517-9016-469BF9C9DAEB}.Release|Any CPU.Build.0 = Release|Any CPU
		{EEA29997-0514-4F7D-8F75-7D3779924366}.Debug|Any CPU.ActiveCfg = Debug|Any CPU
		{EEA29997-0514-4F7D-8F75-7D3779924366}.Debug|Any CPU.Build.0 = Debug|Any CPU
		{EEA29997-0514-4F7D-8F75-7D3779924366}.Release|Any CPU.ActiveCfg = Release|Any CPU
		{EEA29997-0514-4F7D-8F75-7D3779924366}.Release|Any CPU.Build.0 = Release|Any CPU
		{AA18A23D-4951-463F-ACBA-953FAF3B0467}.Debug|Any CPU.ActiveCfg = Debug|Any CPU
		{AA18A23D-4951-463F-ACBA-953FAF3B0467}.Debug|Any CPU.Build.0 = Debug|Any CPU
		{AA18A23D-4951-463F-ACBA-953FAF3B0467}.Release|Any CPU.ActiveCfg = Release|Any CPU
		{AA18A23D-4951-463F-ACBA-953FAF3B0467}.Release|Any CPU.Build.0 = Release|Any CPU
		{EFA7D21E-9DA2-46B0-A8E8-88ACDF7E5459}.Debug|Any CPU.ActiveCfg = Debug|Any CPU
		{EFA7D21E-9DA2-46B0-A8E8-88ACDF7E5459}.Debug|Any CPU.Build.0 = Debug|Any CPU
		{EFA7D21E-9DA2-46B0-A8E8-88ACDF7E5459}.Release|Any CPU.ActiveCfg = Release|Any CPU
		{EFA7D21E-9DA2-46B0-A8E8-88ACDF7E5459}.Release|Any CPU.Build.0 = Release|Any CPU
		{44ADA49D-95C5-427C-9826-7B99581BFE6B}.Debug|Any CPU.ActiveCfg = Debug|Any CPU
		{44ADA49D-95C5-427C-9826-7B99581BFE6B}.Debug|Any CPU.Build.0 = Debug|Any CPU
		{44ADA49D-95C5-427C-9826-7B99581BFE6B}.Release|Any CPU.ActiveCfg = Release|Any CPU
		{44ADA49D-95C5-427C-9826-7B99581BFE6B}.Release|Any CPU.Build.0 = Release|Any CPU
		{41E98E7E-20DE-4636-9133-BDCE13C8A79F}.Debug|Any CPU.ActiveCfg = Debug|Any CPU
		{41E98E7E-20DE-4636-9133-BDCE13C8A79F}.Debug|Any CPU.Build.0 = Debug|Any CPU
		{41E98E7E-20DE-4636-9133-BDCE13C8A79F}.Release|Any CPU.ActiveCfg = Release|Any CPU
		{41E98E7E-20DE-4636-9133-BDCE13C8A79F}.Release|Any CPU.Build.0 = Release|Any CPU
		{D46B5557-27F1-4228-847A-9C964C92A7D4}.Debug|Any CPU.ActiveCfg = Debug|Any CPU
		{D46B5557-27F1-4228-847A-9C964C92A7D4}.Debug|Any CPU.Build.0 = Debug|Any CPU
		{D46B5557-27F1-4228-847A-9C964C92A7D4}.Release|Any CPU.ActiveCfg = Release|Any CPU
		{D46B5557-27F1-4228-847A-9C964C92A7D4}.Release|Any CPU.Build.0 = Release|Any CPU
		{0DB71A10-3B7C-45D6-8314-07551375870B}.Debug|Any CPU.ActiveCfg = Debug|Any CPU
		{0DB71A10-3B7C-45D6-8314-07551375870B}.Debug|Any CPU.Build.0 = Debug|Any CPU
		{0DB71A10-3B7C-45D6-8314-07551375870B}.Release|Any CPU.ActiveCfg = Release|Any CPU
		{0DB71A10-3B7C-45D6-8314-07551375870B}.Release|Any CPU.Build.0 = Release|Any CPU
		{8CB40444-41ED-4719-B24A-49AB747D905F}.Debug|Any CPU.ActiveCfg = Debug|Any CPU
		{8CB40444-41ED-4719-B24A-49AB747D905F}.Debug|Any CPU.Build.0 = Debug|Any CPU
		{8CB40444-41ED-4719-B24A-49AB747D905F}.Release|Any CPU.ActiveCfg = Release|Any CPU
		{8CB40444-41ED-4719-B24A-49AB747D905F}.Release|Any CPU.Build.0 = Release|Any CPU
		{C5FC5D3F-C579-4EAB-8942-2B4C5042CC81}.Debug|Any CPU.ActiveCfg = Debug|Any CPU
		{C5FC5D3F-C579-4EAB-8942-2B4C5042CC81}.Debug|Any CPU.Build.0 = Debug|Any CPU
		{C5FC5D3F-C579-4EAB-8942-2B4C5042CC81}.Release|Any CPU.ActiveCfg = Release|Any CPU
		{C5FC5D3F-C579-4EAB-8942-2B4C5042CC81}.Release|Any CPU.Build.0 = Release|Any CPU
		{C3C607A9-7E88-467E-A6EF-165D29237E3F}.Debug|Any CPU.ActiveCfg = Debug|Any CPU
		{C3C607A9-7E88-467E-A6EF-165D29237E3F}.Debug|Any CPU.Build.0 = Debug|Any CPU
		{C3C607A9-7E88-467E-A6EF-165D29237E3F}.Release|Any CPU.ActiveCfg = Release|Any CPU
		{C3C607A9-7E88-467E-A6EF-165D29237E3F}.Release|Any CPU.Build.0 = Release|Any CPU
		{49BA2D2D-8ED3-4DCD-BF15-48D11B31E0B6}.Debug|Any CPU.ActiveCfg = Debug|Any CPU
		{49BA2D2D-8ED3-4DCD-BF15-48D11B31E0B6}.Debug|Any CPU.Build.0 = Debug|Any CPU
		{49BA2D2D-8ED3-4DCD-BF15-48D11B31E0B6}.Release|Any CPU.ActiveCfg = Release|Any CPU
		{49BA2D2D-8ED3-4DCD-BF15-48D11B31E0B6}.Release|Any CPU.Build.0 = Release|Any CPU
		{08BD12F8-FF04-4732-A86F-4DA4C765C23D}.Debug|Any CPU.ActiveCfg = Debug|Any CPU
		{08BD12F8-FF04-4732-A86F-4DA4C765C23D}.Debug|Any CPU.Build.0 = Debug|Any CPU
		{08BD12F8-FF04-4732-A86F-4DA4C765C23D}.Release|Any CPU.ActiveCfg = Release|Any CPU
		{08BD12F8-FF04-4732-A86F-4DA4C765C23D}.Release|Any CPU.Build.0 = Release|Any CPU
		{22C2B421-25C4-1CFB-77F8-1B06FA5C8E02}.Debug|Any CPU.ActiveCfg = Debug|Any CPU
		{22C2B421-25C4-1CFB-77F8-1B06FA5C8E02}.Debug|Any CPU.Build.0 = Debug|Any CPU
		{22C2B421-25C4-1CFB-77F8-1B06FA5C8E02}.Release|Any CPU.ActiveCfg = Release|Any CPU
		{22C2B421-25C4-1CFB-77F8-1B06FA5C8E02}.Release|Any CPU.Build.0 = Release|Any CPU
		{565FE3A8-D5D4-E4FE-99CD-72280E440DB4}.Debug|Any CPU.ActiveCfg = Debug|Any CPU
		{565FE3A8-D5D4-E4FE-99CD-72280E440DB4}.Debug|Any CPU.Build.0 = Debug|Any CPU
		{565FE3A8-D5D4-E4FE-99CD-72280E440DB4}.Release|Any CPU.ActiveCfg = Release|Any CPU
		{565FE3A8-D5D4-E4FE-99CD-72280E440DB4}.Release|Any CPU.Build.0 = Release|Any CPU
		{F3FFC9D2-36E8-EB43-2149-3A9084B6CDCE}.Debug|Any CPU.ActiveCfg = Debug|Any CPU
		{F3FFC9D2-36E8-EB43-2149-3A9084B6CDCE}.Debug|Any CPU.Build.0 = Debug|Any CPU
		{F3FFC9D2-36E8-EB43-2149-3A9084B6CDCE}.Release|Any CPU.ActiveCfg = Release|Any CPU
		{F3FFC9D2-36E8-EB43-2149-3A9084B6CDCE}.Release|Any CPU.Build.0 = Release|Any CPU
		{BAB69EB5-12D3-4F0F-97C7-56A2B8A011D1}.Debug|Any CPU.ActiveCfg = Debug|Any CPU
		{BAB69EB5-12D3-4F0F-97C7-56A2B8A011D1}.Debug|Any CPU.Build.0 = Debug|Any CPU
		{BAB69EB5-12D3-4F0F-97C7-56A2B8A011D1}.Release|Any CPU.ActiveCfg = Release|Any CPU
		{BAB69EB5-12D3-4F0F-97C7-56A2B8A011D1}.Release|Any CPU.Build.0 = Release|Any CPU
		{47CAB74E-558B-40A3-A80A-7BFDD9277888}.Debug|Any CPU.ActiveCfg = Debug|Any CPU
		{47CAB74E-558B-40A3-A80A-7BFDD9277888}.Debug|Any CPU.Build.0 = Debug|Any CPU
		{47CAB74E-558B-40A3-A80A-7BFDD9277888}.Release|Any CPU.ActiveCfg = Release|Any CPU
		{47CAB74E-558B-40A3-A80A-7BFDD9277888}.Release|Any CPU.Build.0 = Release|Any CPU
	EndGlobalSection
	GlobalSection(SolutionProperties) = preSolution
		HideSolutionNode = FALSE
	EndGlobalSection
	GlobalSection(NestedProjects) = preSolution
		{D9183A99-EA55-48D4-8D98-83B10EF83C58} = {3CA639F3-7ED7-45C2-ADCE-D46CF38FDB68}
		{78A796C7-37DF-4800-B9B1-B2FEC61E1F67} = {D9183A99-EA55-48D4-8D98-83B10EF83C58}
		{B62AC9CF-FCDE-4641-9939-6F73B3B58AA9} = {D9183A99-EA55-48D4-8D98-83B10EF83C58}
		{26CC814F-6FEA-4F44-91B8-4CF2095011C4} = {D9183A99-EA55-48D4-8D98-83B10EF83C58}
		{49BD2ADB-B27F-477B-BC18-B60554A413B8} = {3CA639F3-7ED7-45C2-ADCE-D46CF38FDB68}
		{467DE8C9-F1E6-41DE-8E62-BE6FB6A66AA6} = {49BD2ADB-B27F-477B-BC18-B60554A413B8}
		{F3175580-658B-4228-B485-7240759C6933} = {49BD2ADB-B27F-477B-BC18-B60554A413B8}
		{8BA075E4-5C7B-433B-93CF-5868AAF49540} = {3CA639F3-7ED7-45C2-ADCE-D46CF38FDB68}
		{BED98EEC-37E9-4D61-AB9E-EB8D1CDFACCA} = {8BA075E4-5C7B-433B-93CF-5868AAF49540}
		{6D5C5800-2CC4-49DB-8F2E-76B0C0F1D543} = {8BA075E4-5C7B-433B-93CF-5868AAF49540}
		{5035BF50-E8DE-48A6-9067-9072B4AC33AF} = {8BA075E4-5C7B-433B-93CF-5868AAF49540}
		{E391BD37-5309-44AE-93AB-C6157037B4BD} = {B3A4CAD0-DCBB-4A5A-86A1-8628BF42F0A6}
		{B00D16F8-E007-44A8-B531-175AFF6E7C9C} = {E391BD37-5309-44AE-93AB-C6157037B4BD}
		{1A5FEEB2-69B8-4793-A47B-53F3E7E7AB0C} = {09A18844-7B8E-4AFB-B24A-CB8F32FD931D}
		{93D65F1E-D33E-4E07-99A3-72764E3C5866} = {1A5FEEB2-69B8-4793-A47B-53F3E7E7AB0C}
		{D7D503D8-A855-454F-B2B9-BC463EBFE2FF} = {1A5FEEB2-69B8-4793-A47B-53F3E7E7AB0C}
		{B10F90AD-A1ED-40AC-B5D5-DE20CF1CB1C4} = {1A5FEEB2-69B8-4793-A47B-53F3E7E7AB0C}
		{85E7FC1C-E130-4834-99A6-0AC158AE3488} = {09A18844-7B8E-4AFB-B24A-CB8F32FD931D}
		{79D51B1A-7324-4D75-818F-FA87963E5DC4} = {85E7FC1C-E130-4834-99A6-0AC158AE3488}
		{2940B9BA-B1D7-42CB-A503-7E38177ABE3C} = {85E7FC1C-E130-4834-99A6-0AC158AE3488}
		{679AF118-DDBF-4C55-A2DB-818051841A39} = {85E7FC1C-E130-4834-99A6-0AC158AE3488}
		{EA9CDD3C-206F-41C6-A140-9D0D8E4C2B90} = {3CA639F3-7ED7-45C2-ADCE-D46CF38FDB68}
		{3E2F22EF-E7A6-4D98-AFD1-A8C5717ACC67} = {EA9CDD3C-206F-41C6-A140-9D0D8E4C2B90}
		{9A0AE7EE-6702-420D-AB17-D71F5BDB92E6} = {E391BD37-5309-44AE-93AB-C6157037B4BD}
		{17540905-0C07-482A-9B02-4893039E8AC6} = {A1DEC947-8F98-49E1-B6CA-17B16E0F7FB2}
		{1BDC7049-1EE8-4891-8D0D-E2F46B4856AB} = {A1DEC947-8F98-49E1-B6CA-17B16E0F7FB2}
		{0702F3DC-524D-48C3-8AF7-3430B70FA794} = {A1DEC947-8F98-49E1-B6CA-17B16E0F7FB2}
		{1A0B87DE-02F3-476C-BA2E-530A2A5FB3B5} = {0702F3DC-524D-48C3-8AF7-3430B70FA794}
		{BD92B3C4-9901-46E2-8A47-F4D0130BFC67} = {1BDC7049-1EE8-4891-8D0D-E2F46B4856AB}
		{BE97BEC9-50D8-458E-89E3-BC0334A9DD2B} = {1BDC7049-1EE8-4891-8D0D-E2F46B4856AB}
		{603C7181-B70C-4F2B-857B-2E5A25A29150} = {17540905-0C07-482A-9B02-4893039E8AC6}
		{19781396-85B1-464A-A09E-FD9DE1502CB1} = {17540905-0C07-482A-9B02-4893039E8AC6}
		{506EDBF8-3AED-4B51-ACE4-3D1D21D5F0EC} = {17540905-0C07-482A-9B02-4893039E8AC6}
		{F21B5A4B-6102-420B-919C-55EF6C580A02} = {0D4C969B-C623-46E4-9B51-AB3E4D8D7023}
		{390EF0E8-13C4-40F6-BD7D-B4B04E87BF10} = {F21B5A4B-6102-420B-919C-55EF6C580A02}
		{70AB144A-44A2-415A-B46F-4D7A5D656D42} = {F21B5A4B-6102-420B-919C-55EF6C580A02}
		{73494261-A8B1-4D7A-A84F-37EF06D18118} = {3C383CE9-DC5A-4392-9B48-6B41AFA95EE1}
		{835CF147-2160-4E18-829C-7A7E894B656F} = {73494261-A8B1-4D7A-A84F-37EF06D18118}
		{D41378A0-24F1-4133-A3E0-CA3BD22964D3} = {73494261-A8B1-4D7A-A84F-37EF06D18118}
		{48F1EB08-5739-4E22-96BD-ACC271D568F0} = {3C383CE9-DC5A-4392-9B48-6B41AFA95EE1}
		{B5911CA1-84FA-4CF1-8380-28F0C490C47B} = {48F1EB08-5739-4E22-96BD-ACC271D568F0}
		{3C6F957D-B65B-409A-8E45-37ADB44170CD} = {48F1EB08-5739-4E22-96BD-ACC271D568F0}
		{DAB75AF1-1F0A-4371-ABD6-D1192EEE812D} = {3C383CE9-DC5A-4392-9B48-6B41AFA95EE1}
		{FEA10879-6C89-4517-9016-469BF9C9DAEB} = {DAB75AF1-1F0A-4371-ABD6-D1192EEE812D}
		{EEA29997-0514-4F7D-8F75-7D3779924366} = {DAB75AF1-1F0A-4371-ABD6-D1192EEE812D}
		{5143CB46-2F28-4C63-911A-837B6B5689A3} = {3C383CE9-DC5A-4392-9B48-6B41AFA95EE1}
		{AA18A23D-4951-463F-ACBA-953FAF3B0467} = {5143CB46-2F28-4C63-911A-837B6B5689A3}
		{EFA7D21E-9DA2-46B0-A8E8-88ACDF7E5459} = {5143CB46-2F28-4C63-911A-837B6B5689A3}
		{8C93BA05-8438-492E-AD6C-04263D6D77AD} = {3C383CE9-DC5A-4392-9B48-6B41AFA95EE1}
		{44ADA49D-95C5-427C-9826-7B99581BFE6B} = {8C93BA05-8438-492E-AD6C-04263D6D77AD}
		{41E98E7E-20DE-4636-9133-BDCE13C8A79F} = {EA9CDD3C-206F-41C6-A140-9D0D8E4C2B90}
		{D46B5557-27F1-4228-847A-9C964C92A7D4} = {49BD2ADB-B27F-477B-BC18-B60554A413B8}
		{F4432ADE-7BF3-448A-ADA5-95729E3911D5} = {3C383CE9-DC5A-4392-9B48-6B41AFA95EE1}
		{0DB71A10-3B7C-45D6-8314-07551375870B} = {F4432ADE-7BF3-448A-ADA5-95729E3911D5}
		{8CB40444-41ED-4719-B24A-49AB747D905F} = {F4432ADE-7BF3-448A-ADA5-95729E3911D5}
		{9CBAB219-ABEE-4E99-9DC6-ADBC20DE2E9E} = {3C383CE9-DC5A-4392-9B48-6B41AFA95EE1}
		{C5FC5D3F-C579-4EAB-8942-2B4C5042CC81} = {9CBAB219-ABEE-4E99-9DC6-ADBC20DE2E9E}
		{C3C607A9-7E88-467E-A6EF-165D29237E3F} = {9CBAB219-ABEE-4E99-9DC6-ADBC20DE2E9E}
		{49BA2D2D-8ED3-4DCD-BF15-48D11B31E0B6} = {C4E329B3-2E05-440B-B185-92CDB3B68110}
		{08BD12F8-FF04-4732-A86F-4DA4C765C23D} = {C4E329B3-2E05-440B-B185-92CDB3B68110}
		{C4E329B3-2E05-440B-B185-92CDB3B68110} = {ACBE9E96-1F65-404D-9D00-6CF45E75C796}
		{02EA681E-C7D8-13C7-8484-4AC65E1B71E8} = {3C383CE9-DC5A-4392-9B48-6B41AFA95EE1}
		{22C2B421-25C4-1CFB-77F8-1B06FA5C8E02} = {02EA681E-C7D8-13C7-8484-4AC65E1B71E8}
		{565FE3A8-D5D4-E4FE-99CD-72280E440DB4} = {02EA681E-C7D8-13C7-8484-4AC65E1B71E8}
		{F3FFC9D2-36E8-EB43-2149-3A9084B6CDCE} = {02EA681E-C7D8-13C7-8484-4AC65E1B71E8}
		{BAB69EB5-12D3-4F0F-97C7-56A2B8A011D1} = {9E2C6C04-0CBD-4867-88F8-408507FF873C}
		{47CAB74E-558B-40A3-A80A-7BFDD9277888} = {9E2C6C04-0CBD-4867-88F8-408507FF873C}
	EndGlobalSection
	GlobalSection(ExtensibilityGlobals) = postSolution
		SolutionGuid = {0D05EA23-618A-4F1F-B4EB-13AFA96B9C56}
	EndGlobalSection
EndGlobal
