
Microsoft Visual Studio Solution File, Format Version 12.00
# Visual Studio Version 17
VisualStudioVersion = 17.3.32811.315
MinimumVisualStudioVersion = 10.0.40219.1
Project("{2150E333-8FDC-42A3-9474-1A3956D46DE8}") = "Query.API", "Query.API", "{C500AE25-2567-4855-863B-7B51BC59F806}"
EndProject
Project("{9A19103F-16F7-4668-BE54-9A1E7A4F7556}") = "API", "Query.API\API\API.csproj", "{2F663C26-D340-4777-A8FE-45122FF1C6C1}"
EndProject
Project("{2150E333-8FDC-42A3-9474-1A3956D46DE8}") = "Shared", "Shared", "{50B52CB7-AA59-483B-8C89-46A681B3E01F}"
EndProject
Project("{9A19103F-16F7-4668-BE54-9A1E7A4F7556}") = "CertificateEvents", "Shared\CertificateEvents\CertificateEvents.csproj", "{E9D8231A-D022-4CBE-986C-0879BB530552}"
EndProject
Project("{9A19103F-16F7-4668-BE54-9A1E7A4F7556}") = "API.UnitTests", "Query.API\API.UnitTests\API.UnitTests.csproj", "{536410DD-6B50-47DC-99EF-CBCFBAAE0079}"
EndProject
Project("{9A19103F-16F7-4668-BE54-9A1E7A4F7556}") = "MeasurementEvents", "Shared\MeasurementEvents\MeasurementEvents.csproj", "{7CE965F2-DF46-4372-A44F-BA14957DC9C9}"
EndProject
Project("{9A19103F-16F7-4668-BE54-9A1E7A4F7556}") = "Contracts", "Shared\Contracts\Contracts.csproj", "{03A0CD09-F291-4D30-9D8A-A2DE18142312}"
EndProject
Project("{9A19103F-16F7-4668-BE54-9A1E7A4F7556}") = "AggregateRepositories", "Shared\AggregateRepositories\AggregateRepositories.csproj", "{0020310F-7891-4C33-9490-A48F8BC09981}"
EndProject
Project("{2150E333-8FDC-42A3-9474-1A3956D46DE8}") = "RegistryConnector", "RegistryConnector", "{9AB85139-82C5-45D0-97CD-CD9FCADB6380}"
EndProject
Project("{9A19103F-16F7-4668-BE54-9A1E7A4F7556}") = "Worker", "RegistryConnector\Worker\Worker.csproj", "{005E4EDB-9F14-4CDC-A2A9-C5D261872E5C}"
EndProject
Project("{9A19103F-16F7-4668-BE54-9A1E7A4F7556}") = "Worker.UnitTests", "RegistryConnector\Worker.UnitTests\Worker.UnitTests.csproj", "{3FC7672A-5A92-4B96-94E3-60B7468148FD}"
EndProject
Project("{FAE04EC0-301F-11D3-BF4B-00C04F79EFBC}") = "API.IntegrationTests", "Query.API\API.IntegrationTests\API.IntegrationTests.csproj", "{741B4018-7BB1-46EF-A285-87EC11418FC5}"
EndProject
Global
	GlobalSection(SolutionConfigurationPlatforms) = preSolution
		Debug|Any CPU = Debug|Any CPU
		Release|Any CPU = Release|Any CPU
	EndGlobalSection
	GlobalSection(ProjectConfigurationPlatforms) = postSolution
		{2F663C26-D340-4777-A8FE-45122FF1C6C1}.Debug|Any CPU.ActiveCfg = Debug|Any CPU
		{2F663C26-D340-4777-A8FE-45122FF1C6C1}.Debug|Any CPU.Build.0 = Debug|Any CPU
		{2F663C26-D340-4777-A8FE-45122FF1C6C1}.Release|Any CPU.ActiveCfg = Release|Any CPU
		{2F663C26-D340-4777-A8FE-45122FF1C6C1}.Release|Any CPU.Build.0 = Release|Any CPU
		{E9D8231A-D022-4CBE-986C-0879BB530552}.Debug|Any CPU.ActiveCfg = Debug|Any CPU
		{E9D8231A-D022-4CBE-986C-0879BB530552}.Debug|Any CPU.Build.0 = Debug|Any CPU
		{E9D8231A-D022-4CBE-986C-0879BB530552}.Release|Any CPU.ActiveCfg = Release|Any CPU
		{E9D8231A-D022-4CBE-986C-0879BB530552}.Release|Any CPU.Build.0 = Release|Any CPU
		{536410DD-6B50-47DC-99EF-CBCFBAAE0079}.Debug|Any CPU.ActiveCfg = Debug|Any CPU
		{536410DD-6B50-47DC-99EF-CBCFBAAE0079}.Debug|Any CPU.Build.0 = Debug|Any CPU
		{536410DD-6B50-47DC-99EF-CBCFBAAE0079}.Release|Any CPU.ActiveCfg = Release|Any CPU
		{536410DD-6B50-47DC-99EF-CBCFBAAE0079}.Release|Any CPU.Build.0 = Release|Any CPU
		{7CE965F2-DF46-4372-A44F-BA14957DC9C9}.Debug|Any CPU.ActiveCfg = Debug|Any CPU
		{7CE965F2-DF46-4372-A44F-BA14957DC9C9}.Debug|Any CPU.Build.0 = Debug|Any CPU
		{7CE965F2-DF46-4372-A44F-BA14957DC9C9}.Release|Any CPU.ActiveCfg = Release|Any CPU
		{7CE965F2-DF46-4372-A44F-BA14957DC9C9}.Release|Any CPU.Build.0 = Release|Any CPU
		{03A0CD09-F291-4D30-9D8A-A2DE18142312}.Debug|Any CPU.ActiveCfg = Debug|Any CPU
		{03A0CD09-F291-4D30-9D8A-A2DE18142312}.Debug|Any CPU.Build.0 = Debug|Any CPU
		{03A0CD09-F291-4D30-9D8A-A2DE18142312}.Release|Any CPU.ActiveCfg = Release|Any CPU
		{03A0CD09-F291-4D30-9D8A-A2DE18142312}.Release|Any CPU.Build.0 = Release|Any CPU
		{0020310F-7891-4C33-9490-A48F8BC09981}.Debug|Any CPU.ActiveCfg = Debug|Any CPU
		{0020310F-7891-4C33-9490-A48F8BC09981}.Debug|Any CPU.Build.0 = Debug|Any CPU
		{0020310F-7891-4C33-9490-A48F8BC09981}.Release|Any CPU.ActiveCfg = Release|Any CPU
		{0020310F-7891-4C33-9490-A48F8BC09981}.Release|Any CPU.Build.0 = Release|Any CPU
		{005E4EDB-9F14-4CDC-A2A9-C5D261872E5C}.Debug|Any CPU.ActiveCfg = Debug|Any CPU
		{005E4EDB-9F14-4CDC-A2A9-C5D261872E5C}.Debug|Any CPU.Build.0 = Debug|Any CPU
		{005E4EDB-9F14-4CDC-A2A9-C5D261872E5C}.Release|Any CPU.ActiveCfg = Release|Any CPU
		{005E4EDB-9F14-4CDC-A2A9-C5D261872E5C}.Release|Any CPU.Build.0 = Release|Any CPU
		{3FC7672A-5A92-4B96-94E3-60B7468148FD}.Debug|Any CPU.ActiveCfg = Debug|Any CPU
		{3FC7672A-5A92-4B96-94E3-60B7468148FD}.Debug|Any CPU.Build.0 = Debug|Any CPU
		{3FC7672A-5A92-4B96-94E3-60B7468148FD}.Release|Any CPU.ActiveCfg = Release|Any CPU
		{3FC7672A-5A92-4B96-94E3-60B7468148FD}.Release|Any CPU.Build.0 = Release|Any CPU
		{741B4018-7BB1-46EF-A285-87EC11418FC5}.Debug|Any CPU.ActiveCfg = Debug|Any CPU
		{741B4018-7BB1-46EF-A285-87EC11418FC5}.Debug|Any CPU.Build.0 = Debug|Any CPU
		{741B4018-7BB1-46EF-A285-87EC11418FC5}.Release|Any CPU.ActiveCfg = Release|Any CPU
		{741B4018-7BB1-46EF-A285-87EC11418FC5}.Release|Any CPU.Build.0 = Release|Any CPU
	EndGlobalSection
	GlobalSection(SolutionProperties) = preSolution
		HideSolutionNode = FALSE
	EndGlobalSection
	GlobalSection(NestedProjects) = preSolution
		{2F663C26-D340-4777-A8FE-45122FF1C6C1} = {C500AE25-2567-4855-863B-7B51BC59F806}
		{E9D8231A-D022-4CBE-986C-0879BB530552} = {50B52CB7-AA59-483B-8C89-46A681B3E01F}
		{536410DD-6B50-47DC-99EF-CBCFBAAE0079} = {C500AE25-2567-4855-863B-7B51BC59F806}
		{7CE965F2-DF46-4372-A44F-BA14957DC9C9} = {50B52CB7-AA59-483B-8C89-46A681B3E01F}
		{03A0CD09-F291-4D30-9D8A-A2DE18142312} = {50B52CB7-AA59-483B-8C89-46A681B3E01F}
		{0020310F-7891-4C33-9490-A48F8BC09981} = {50B52CB7-AA59-483B-8C89-46A681B3E01F}
		{005E4EDB-9F14-4CDC-A2A9-C5D261872E5C} = {9AB85139-82C5-45D0-97CD-CD9FCADB6380}
		{3FC7672A-5A92-4B96-94E3-60B7468148FD} = {9AB85139-82C5-45D0-97CD-CD9FCADB6380}
		{741B4018-7BB1-46EF-A285-87EC11418FC5} = {C500AE25-2567-4855-863B-7B51BC59F806}
	EndGlobalSection
	GlobalSection(ExtensibilityGlobals) = postSolution
		SolutionGuid = {8710F924-9EE6-4142-A232-456121E239B0}
	EndGlobalSection
EndGlobal
