
Microsoft Visual Studio Solution File, Format Version 12.00
# Visual Studio Version 16
VisualStudioVersion = 16.0.30114.105
MinimumVisualStudioVersion = 10.0.40219.1
Project("{2150E333-8FDC-42A3-9474-1A3956D46DE8}") = "Query.API", "Query.API", "{C500AE25-2567-4855-863B-7B51BC59F806}"
EndProject
Project("{FAE04EC0-301F-11D3-BF4B-00C04F79EFBC}") = "src", "Query.API\src\src.csproj", "{10A313B5-EF6E-4740-BE79-41616C2BE994}"
EndProject
Project("{FAE04EC0-301F-11D3-BF4B-00C04F79EFBC}") = "apptests", "Query.API\apptests\apptests.csproj", "{9F81F0E3-9908-4A65-B3E7-BBD1D37AA049}"
EndProject
Global
	GlobalSection(SolutionConfigurationPlatforms) = preSolution
		Debug|Any CPU = Debug|Any CPU
		Release|Any CPU = Release|Any CPU
	EndGlobalSection
	GlobalSection(SolutionProperties) = preSolution
		HideSolutionNode = FALSE
	EndGlobalSection
	GlobalSection(ProjectConfigurationPlatforms) = postSolution
		{10A313B5-EF6E-4740-BE79-41616C2BE994}.Debug|Any CPU.ActiveCfg = Debug|Any CPU
		{10A313B5-EF6E-4740-BE79-41616C2BE994}.Debug|Any CPU.Build.0 = Debug|Any CPU
		{10A313B5-EF6E-4740-BE79-41616C2BE994}.Release|Any CPU.ActiveCfg = Release|Any CPU
		{10A313B5-EF6E-4740-BE79-41616C2BE994}.Release|Any CPU.Build.0 = Release|Any CPU
		{9F81F0E3-9908-4A65-B3E7-BBD1D37AA049}.Debug|Any CPU.ActiveCfg = Debug|Any CPU
		{9F81F0E3-9908-4A65-B3E7-BBD1D37AA049}.Debug|Any CPU.Build.0 = Debug|Any CPU
		{9F81F0E3-9908-4A65-B3E7-BBD1D37AA049}.Release|Any CPU.ActiveCfg = Release|Any CPU
		{9F81F0E3-9908-4A65-B3E7-BBD1D37AA049}.Release|Any CPU.Build.0 = Release|Any CPU
	EndGlobalSection
	GlobalSection(NestedProjects) = preSolution
		{10A313B5-EF6E-4740-BE79-41616C2BE994} = {C500AE25-2567-4855-863B-7B51BC59F806}
		{9F81F0E3-9908-4A65-B3E7-BBD1D37AA049} = {C500AE25-2567-4855-863B-7B51BC59F806}
	EndGlobalSection
EndGlobal
